// !$*UTF8*$!
{
	archiveVersion = 1;
	classes = {
	};
	objectVersion = 56;
	objects = {

/* Begin PBXBuildFile section */
		8C029F432B4DFD5D0071DE58 /* ExploitManager.m in Sources */ = {isa = PBXBuildFile; fileRef = 8C029F422B4DFD5D0071DE58 /* ExploitManager.m */; };
		8C029F462B4DFD910071DE58 /* Bootstrapper.m in Sources */ = {isa = PBXBuildFile; fileRef = 8C029F452B4DFD910071DE58 /* Bootstrapper.m */; };
		8C029F4E2B4E1FF30071DE58 /* Exploit.m in Sources */ = {isa = PBXBuildFile; fileRef = 8C029F4D2B4E1FF30071DE58 /* Exploit.m */; };
		8C029F602B4E25350071DE58 /* EnvironmentManager.m in Sources */ = {isa = PBXBuildFile; fileRef = 8C029F5F2B4E25350071DE58 /* EnvironmentManager.m */; };
		8C029F632B4E2E140071DE58 /* Jailbreaker.m in Sources */ = {isa = PBXBuildFile; fileRef = 8C029F622B4E2E140071DE58 /* Jailbreaker.m */; };
		8C029F662B4E2E970071DE58 /* libcompression.tbd in Frameworks */ = {isa = PBXBuildFile; fileRef = 8C029F652B4E2E7D0071DE58 /* libcompression.tbd */; };
		8C029F682B4E31D50071DE58 /* libMobileGestalt.tbd in Frameworks */ = {isa = PBXBuildFile; fileRef = 8C029F672B4E31D50071DE58 /* libMobileGestalt.tbd */; };
		8C029F6B2B4E320E0071DE58 /* libz.tbd in Frameworks */ = {isa = PBXBuildFile; fileRef = 8C029F6A2B4E320E0071DE58 /* libz.tbd */; };
		8C2131912B50CA4B008E682C /* krkw.h in Headers */ = {isa = PBXBuildFile; fileRef = 8C2131782B50CA4B008E682C /* krkw.h */; };
		8C2131922B50CA4B008E682C /* kread_sem_open.h in Headers */ = {isa = PBXBuildFile; fileRef = 8C21317B2B50CA4B008E682C /* kread_sem_open.h */; };
		8C2131932B50CA4B008E682C /* kread_IOSurface.h in Headers */ = {isa = PBXBuildFile; fileRef = 8C21317C2B50CA4B008E682C /* kread_IOSurface.h */; };
		8C2131942B50CA4B008E682C /* kread_kqueue_workloop_ctl.h in Headers */ = {isa = PBXBuildFile; fileRef = 8C21317D2B50CA4B008E682C /* kread_kqueue_workloop_ctl.h */; };
		8C2131952B50CA4B008E682C /* IOSurface_shared.h in Headers */ = {isa = PBXBuildFile; fileRef = 8C21317E2B50CA4B008E682C /* IOSurface_shared.h */; };
		8C2131962B50CA4B008E682C /* kwrite_IOSurface.h in Headers */ = {isa = PBXBuildFile; fileRef = 8C2131802B50CA4B008E682C /* kwrite_IOSurface.h */; };
		8C2131972B50CA4B008E682C /* kwrite_sem_open.h in Headers */ = {isa = PBXBuildFile; fileRef = 8C2131812B50CA4B008E682C /* kwrite_sem_open.h */; };
		8C2131982B50CA4B008E682C /* kwrite_dup.h in Headers */ = {isa = PBXBuildFile; fileRef = 8C2131822B50CA4B008E682C /* kwrite_dup.h */; };
		8C2131992B50CA4B008E682C /* static_info.h in Headers */ = {isa = PBXBuildFile; fileRef = 8C2131842B50CA4B008E682C /* static_info.h */; };
		8C21319B2B50CA4B008E682C /* dynamic_info.h in Headers */ = {isa = PBXBuildFile; fileRef = 8C2131872B50CA4B008E682C /* dynamic_info.h */; };
		8C21319C2B50CA4B008E682C /* puaf.h in Headers */ = {isa = PBXBuildFile; fileRef = 8C2131882B50CA4B008E682C /* puaf.h */; };
		8C21319D2B50CA4B008E682C /* common.h in Headers */ = {isa = PBXBuildFile; fileRef = 8C2131892B50CA4B008E682C /* common.h */; };
		8C21319E2B50CA4B008E682C /* smith.h in Headers */ = {isa = PBXBuildFile; fileRef = 8C21318B2B50CA4B008E682C /* smith.h */; };
		8C21319F2B50CA4B008E682C /* physpuppet.h in Headers */ = {isa = PBXBuildFile; fileRef = 8C21318C2B50CA4B008E682C /* physpuppet.h */; };
		8C2131A02B50CA4B008E682C /* landa.h in Headers */ = {isa = PBXBuildFile; fileRef = 8C21318D2B50CA4B008E682C /* landa.h */; };
		8C2131A12B50CA4B008E682C /* perf.h in Headers */ = {isa = PBXBuildFile; fileRef = 8C21318E2B50CA4B008E682C /* perf.h */; };
		8C2131A22B50CA4B008E682C /* info.h in Headers */ = {isa = PBXBuildFile; fileRef = 8C21318F2B50CA4B008E682C /* info.h */; };
		8C2131A32B50CA4B008E682C /* libkfd.h in Headers */ = {isa = PBXBuildFile; fileRef = 8C2131902B50CA4B008E682C /* libkfd.h */; };
		8C3245552AD58309001EC3CA /* ExpandableButton.m in Sources */ = {isa = PBXBuildFile; fileRef = 8C3245542AD58309001EC3CA /* ExpandableButton.m */; };
		8C3245582AD5E24F001EC3CA /* GlobalAppearance.m in Sources */ = {isa = PBXBuildFile; fileRef = 8C3245572AD5E24F001EC3CA /* GlobalAppearance.m */; };
		8C4ABEB62B52094100B43C9B /* libjailbreak.dylib in Frameworks */ = {isa = PBXBuildFile; fileRef = 8CDD08422B4F6DD800A32B61 /* libjailbreak.dylib */; };
		8C71981A2ABF0E82003C6658 /* AppDelegate.m in Sources */ = {isa = PBXBuildFile; fileRef = 8C7198192ABF0E82003C6658 /* AppDelegate.m */; };
		8C71981D2ABF0E82003C6658 /* SceneDelegate.m in Sources */ = {isa = PBXBuildFile; fileRef = 8C71981C2ABF0E82003C6658 /* SceneDelegate.m */; };
		8C7198202ABF0E82003C6658 /* RootViewController.m in Sources */ = {isa = PBXBuildFile; fileRef = 8C71981F2ABF0E82003C6658 /* RootViewController.m */; };
		8C7198252ABF0E84003C6658 /* Assets.xcassets in Resources */ = {isa = PBXBuildFile; fileRef = 8C7198242ABF0E84003C6658 /* Assets.xcassets */; };
		8C7198282ABF0E84003C6658 /* LaunchScreen.storyboard in Resources */ = {isa = PBXBuildFile; fileRef = 8C7198262ABF0E84003C6658 /* LaunchScreen.storyboard */; };
		8C71982B2ABF0E84003C6658 /* main.m in Sources */ = {isa = PBXBuildFile; fileRef = 8C71982A2ABF0E84003C6658 /* main.m */; };
		8C9E46292ACA1CC700B5456A /* UIImage+Blur.m in Sources */ = {isa = PBXBuildFile; fileRef = 8C9E46282ACA1CC700B5456A /* UIImage+Blur.m */; };
		8CB2E7642AD1788F000A6B90 /* ActionMenuView.m in Sources */ = {isa = PBXBuildFile; fileRef = 8CB2E7632AD1788F000A6B90 /* ActionMenuView.m */; };
		8CDD07AA2B4F619000A32B61 /* kfd.h in Headers */ = {isa = PBXBuildFile; fileRef = 8CDD07A92B4F619000A32B61 /* kfd.h */; settings = {ATTRIBUTES = (Public, ); }; };
		8CDD07AF2B4F619000A32B61 /* kfd.framework in Embed Frameworks */ = {isa = PBXBuildFile; fileRef = 8CDD07A72B4F619000A32B61 /* kfd.framework */; settings = {ATTRIBUTES = (CodeSignOnCopy, RemoveHeadersOnCopy, ); }; };
		8CDD08342B4F63E100A32B61 /* kfd.m in Sources */ = {isa = PBXBuildFile; fileRef = 8CDD07B32B4F639100A32B61 /* kfd.m */; };
		8CDD08362B4F682000A32B61 /* IOSurface.framework in Frameworks */ = {isa = PBXBuildFile; fileRef = 8CDD08352B4F682000A32B61 /* IOSurface.framework */; };
		8CDD08382B4F682500A32B61 /* IOKit.framework in Frameworks */ = {isa = PBXBuildFile; fileRef = 8CDD08372B4F682500A32B61 /* IOKit.framework */; };
		8CDD083F2B4F6D8700A32B61 /* libcurl.a in Frameworks */ = {isa = PBXBuildFile; fileRef = 8CDD08392B4F6D8200A32B61 /* libcurl.a */; };
		8CDD08402B4F6D8700A32B61 /* libfragmentzip.a in Frameworks */ = {isa = PBXBuildFile; fileRef = 8CDD083A2B4F6D8200A32B61 /* libfragmentzip.a */; };
		8CDD08412B4F6D8700A32B61 /* libgrabkernel.a in Frameworks */ = {isa = PBXBuildFile; fileRef = 8CDD083B2B4F6D8200A32B61 /* libgrabkernel.a */; };
		8CDD08462B4F6DD800A32B61 /* libchoma.dylib in Frameworks */ = {isa = PBXBuildFile; fileRef = 8CDD08432B4F6DD800A32B61 /* libchoma.dylib */; };
		8CDD08472B4F6DD800A32B61 /* libxpf.dylib in Frameworks */ = {isa = PBXBuildFile; fileRef = 8CDD08442B4F6DD800A32B61 /* libxpf.dylib */; };
		8CDD08482B4F6DF100A32B61 /* libxpf.dylib in Embed Libraries */ = {isa = PBXBuildFile; fileRef = 8CDD08442B4F6DD800A32B61 /* libxpf.dylib */; settings = {ATTRIBUTES = (CodeSignOnCopy, ); }; };
		8CDD08492B4F6DF500A32B61 /* libjailbreak.dylib in Embed Libraries */ = {isa = PBXBuildFile; fileRef = 8CDD08422B4F6DD800A32B61 /* libjailbreak.dylib */; settings = {ATTRIBUTES = (CodeSignOnCopy, ); }; };
		8CDD084A2B4F6DF800A32B61 /* libchoma.dylib in Embed Libraries */ = {isa = PBXBuildFile; fileRef = 8CDD08432B4F6DD800A32B61 /* libchoma.dylib */; settings = {ATTRIBUTES = (CodeSignOnCopy, ); }; };
/* End PBXBuildFile section */

/* Begin PBXContainerItemProxy section */
		8CDD07AB2B4F619000A32B61 /* PBXContainerItemProxy */ = {
			isa = PBXContainerItemProxy;
			containerPortal = 8C71980D2ABF0E82003C6658 /* Project object */;
			proxyType = 1;
			remoteGlobalIDString = 8CDD07A62B4F619000A32B61;
			remoteInfo = kfd;
		};
/* End PBXContainerItemProxy section */

/* Begin PBXCopyFilesBuildPhase section */
		8C029F5C2B4E21F50071DE58 /* Embed Libraries */ = {
			isa = PBXCopyFilesBuildPhase;
			buildActionMask = 2147483647;
			dstPath = "";
			dstSubfolderSpec = 6;
			files = (
				8CDD084A2B4F6DF800A32B61 /* libchoma.dylib in Embed Libraries */,
				8CDD08492B4F6DF500A32B61 /* libjailbreak.dylib in Embed Libraries */,
				8CDD08482B4F6DF100A32B61 /* libxpf.dylib in Embed Libraries */,
			);
			name = "Embed Libraries";
			runOnlyForDeploymentPostprocessing = 0;
		};
		8CDD07AE2B4F619000A32B61 /* Embed Frameworks */ = {
			isa = PBXCopyFilesBuildPhase;
			buildActionMask = 2147483647;
			dstPath = Exploits;
			dstSubfolderSpec = 10;
			files = (
				8CDD07AF2B4F619000A32B61 /* kfd.framework in Embed Frameworks */,
			);
			name = "Embed Frameworks";
			runOnlyForDeploymentPostprocessing = 0;
		};
/* End PBXCopyFilesBuildPhase section */

/* Begin PBXFileReference section */
		8C029F412B4DFD5D0071DE58 /* ExploitManager.h */ = {isa = PBXFileReference; lastKnownFileType = sourcecode.c.h; path = ExploitManager.h; sourceTree = "<group>"; };
		8C029F422B4DFD5D0071DE58 /* ExploitManager.m */ = {isa = PBXFileReference; lastKnownFileType = sourcecode.c.objc; path = ExploitManager.m; sourceTree = "<group>"; };
		8C029F442B4DFD910071DE58 /* Bootstrapper.h */ = {isa = PBXFileReference; lastKnownFileType = sourcecode.c.h; path = Bootstrapper.h; sourceTree = "<group>"; };
		8C029F452B4DFD910071DE58 /* Bootstrapper.m */ = {isa = PBXFileReference; lastKnownFileType = sourcecode.c.objc; path = Bootstrapper.m; sourceTree = "<group>"; };
		8C029F4C2B4E1FF30071DE58 /* Exploit.h */ = {isa = PBXFileReference; lastKnownFileType = sourcecode.c.h; path = Exploit.h; sourceTree = "<group>"; };
		8C029F4D2B4E1FF30071DE58 /* Exploit.m */ = {isa = PBXFileReference; lastKnownFileType = sourcecode.c.objc; path = Exploit.m; sourceTree = "<group>"; };
		8C029F5E2B4E25350071DE58 /* EnvironmentManager.h */ = {isa = PBXFileReference; lastKnownFileType = sourcecode.c.h; path = EnvironmentManager.h; sourceTree = "<group>"; };
		8C029F5F2B4E25350071DE58 /* EnvironmentManager.m */ = {isa = PBXFileReference; lastKnownFileType = sourcecode.c.objc; path = EnvironmentManager.m; sourceTree = "<group>"; };
		8C029F612B4E2E140071DE58 /* Jailbreaker.h */ = {isa = PBXFileReference; lastKnownFileType = sourcecode.c.h; path = Jailbreaker.h; sourceTree = "<group>"; };
		8C029F622B4E2E140071DE58 /* Jailbreaker.m */ = {isa = PBXFileReference; lastKnownFileType = sourcecode.c.objc; path = Jailbreaker.m; sourceTree = "<group>"; };
		8C029F652B4E2E7D0071DE58 /* libcompression.tbd */ = {isa = PBXFileReference; lastKnownFileType = "sourcecode.text-based-dylib-definition"; name = libcompression.tbd; path = usr/lib/libcompression.tbd; sourceTree = SDKROOT; };
		8C029F672B4E31D50071DE58 /* libMobileGestalt.tbd */ = {isa = PBXFileReference; lastKnownFileType = "sourcecode.text-based-dylib-definition"; name = libMobileGestalt.tbd; path = usr/lib/libMobileGestalt.tbd; sourceTree = SDKROOT; };
		8C029F6A2B4E320E0071DE58 /* libz.tbd */ = {isa = PBXFileReference; lastKnownFileType = "sourcecode.text-based-dylib-definition"; name = libz.tbd; path = usr/lib/libz.tbd; sourceTree = SDKROOT; };
		8C2131782B50CA4B008E682C /* krkw.h */ = {isa = PBXFileReference; fileEncoding = 4; lastKnownFileType = sourcecode.c.h; path = krkw.h; sourceTree = "<group>"; };
		8C21317B2B50CA4B008E682C /* kread_sem_open.h */ = {isa = PBXFileReference; fileEncoding = 4; lastKnownFileType = sourcecode.c.h; path = kread_sem_open.h; sourceTree = "<group>"; };
		8C21317C2B50CA4B008E682C /* kread_IOSurface.h */ = {isa = PBXFileReference; fileEncoding = 4; lastKnownFileType = sourcecode.c.h; path = kread_IOSurface.h; sourceTree = "<group>"; };
		8C21317D2B50CA4B008E682C /* kread_kqueue_workloop_ctl.h */ = {isa = PBXFileReference; fileEncoding = 4; lastKnownFileType = sourcecode.c.h; path = kread_kqueue_workloop_ctl.h; sourceTree = "<group>"; };
		8C21317E2B50CA4B008E682C /* IOSurface_shared.h */ = {isa = PBXFileReference; fileEncoding = 4; lastKnownFileType = sourcecode.c.h; path = IOSurface_shared.h; sourceTree = "<group>"; };
		8C2131802B50CA4B008E682C /* kwrite_IOSurface.h */ = {isa = PBXFileReference; fileEncoding = 4; lastKnownFileType = sourcecode.c.h; path = kwrite_IOSurface.h; sourceTree = "<group>"; };
		8C2131812B50CA4B008E682C /* kwrite_sem_open.h */ = {isa = PBXFileReference; fileEncoding = 4; lastKnownFileType = sourcecode.c.h; path = kwrite_sem_open.h; sourceTree = "<group>"; };
		8C2131822B50CA4B008E682C /* kwrite_dup.h */ = {isa = PBXFileReference; fileEncoding = 4; lastKnownFileType = sourcecode.c.h; path = kwrite_dup.h; sourceTree = "<group>"; };
		8C2131842B50CA4B008E682C /* static_info.h */ = {isa = PBXFileReference; fileEncoding = 4; lastKnownFileType = sourcecode.c.h; path = static_info.h; sourceTree = "<group>"; };
		8C2131872B50CA4B008E682C /* dynamic_info.h */ = {isa = PBXFileReference; fileEncoding = 4; lastKnownFileType = sourcecode.c.h; path = dynamic_info.h; sourceTree = "<group>"; };
		8C2131882B50CA4B008E682C /* puaf.h */ = {isa = PBXFileReference; fileEncoding = 4; lastKnownFileType = sourcecode.c.h; path = puaf.h; sourceTree = "<group>"; };
		8C2131892B50CA4B008E682C /* common.h */ = {isa = PBXFileReference; fileEncoding = 4; lastKnownFileType = sourcecode.c.h; path = common.h; sourceTree = "<group>"; };
		8C21318B2B50CA4B008E682C /* smith.h */ = {isa = PBXFileReference; fileEncoding = 4; lastKnownFileType = sourcecode.c.h; path = smith.h; sourceTree = "<group>"; };
		8C21318C2B50CA4B008E682C /* physpuppet.h */ = {isa = PBXFileReference; fileEncoding = 4; lastKnownFileType = sourcecode.c.h; path = physpuppet.h; sourceTree = "<group>"; };
		8C21318D2B50CA4B008E682C /* landa.h */ = {isa = PBXFileReference; fileEncoding = 4; lastKnownFileType = sourcecode.c.h; path = landa.h; sourceTree = "<group>"; };
		8C21318E2B50CA4B008E682C /* perf.h */ = {isa = PBXFileReference; fileEncoding = 4; lastKnownFileType = sourcecode.c.h; path = perf.h; sourceTree = "<group>"; };
		8C21318F2B50CA4B008E682C /* info.h */ = {isa = PBXFileReference; fileEncoding = 4; lastKnownFileType = sourcecode.c.h; path = info.h; sourceTree = "<group>"; };
		8C2131902B50CA4B008E682C /* libkfd.h */ = {isa = PBXFileReference; fileEncoding = 4; lastKnownFileType = sourcecode.c.h; path = libkfd.h; sourceTree = "<group>"; };
		8C3245532AD58309001EC3CA /* ExpandableButton.h */ = {isa = PBXFileReference; lastKnownFileType = sourcecode.c.h; path = ExpandableButton.h; sourceTree = "<group>"; };
		8C3245542AD58309001EC3CA /* ExpandableButton.m */ = {isa = PBXFileReference; lastKnownFileType = sourcecode.c.objc; path = ExpandableButton.m; sourceTree = "<group>"; };
		8C3245562AD5E24F001EC3CA /* GlobalAppearance.h */ = {isa = PBXFileReference; lastKnownFileType = sourcecode.c.h; path = GlobalAppearance.h; sourceTree = "<group>"; };
		8C3245572AD5E24F001EC3CA /* GlobalAppearance.m */ = {isa = PBXFileReference; lastKnownFileType = sourcecode.c.objc; path = GlobalAppearance.m; sourceTree = "<group>"; };
		8C7198152ABF0E82003C6658 /* Dopamine.app */ = {isa = PBXFileReference; explicitFileType = wrapper.application; includeInIndex = 0; path = Dopamine.app; sourceTree = BUILT_PRODUCTS_DIR; };
		8C7198182ABF0E82003C6658 /* AppDelegate.h */ = {isa = PBXFileReference; lastKnownFileType = sourcecode.c.h; path = AppDelegate.h; sourceTree = "<group>"; };
		8C7198192ABF0E82003C6658 /* AppDelegate.m */ = {isa = PBXFileReference; lastKnownFileType = sourcecode.c.objc; path = AppDelegate.m; sourceTree = "<group>"; };
		8C71981B2ABF0E82003C6658 /* SceneDelegate.h */ = {isa = PBXFileReference; lastKnownFileType = sourcecode.c.h; path = SceneDelegate.h; sourceTree = "<group>"; };
		8C71981C2ABF0E82003C6658 /* SceneDelegate.m */ = {isa = PBXFileReference; lastKnownFileType = sourcecode.c.objc; path = SceneDelegate.m; sourceTree = "<group>"; };
		8C71981E2ABF0E82003C6658 /* RootViewController.h */ = {isa = PBXFileReference; lastKnownFileType = sourcecode.c.h; path = RootViewController.h; sourceTree = "<group>"; };
		8C71981F2ABF0E82003C6658 /* RootViewController.m */ = {isa = PBXFileReference; lastKnownFileType = sourcecode.c.objc; path = RootViewController.m; sourceTree = "<group>"; };
		8C7198242ABF0E84003C6658 /* Assets.xcassets */ = {isa = PBXFileReference; lastKnownFileType = folder.assetcatalog; path = Assets.xcassets; sourceTree = "<group>"; };
		8C7198272ABF0E84003C6658 /* Base */ = {isa = PBXFileReference; lastKnownFileType = file.storyboard; name = Base; path = Base.lproj/LaunchScreen.storyboard; sourceTree = "<group>"; };
		8C7198292ABF0E84003C6658 /* Info.plist */ = {isa = PBXFileReference; lastKnownFileType = text.plist.xml; path = Info.plist; sourceTree = "<group>"; };
		8C71982A2ABF0E84003C6658 /* main.m */ = {isa = PBXFileReference; lastKnownFileType = sourcecode.c.objc; path = main.m; sourceTree = "<group>"; };
		8C9E46272ACA1C8D00B5456A /* UIImage+Blur.h */ = {isa = PBXFileReference; lastKnownFileType = sourcecode.c.h; path = "UIImage+Blur.h"; sourceTree = "<group>"; };
		8C9E46282ACA1CC700B5456A /* UIImage+Blur.m */ = {isa = PBXFileReference; lastKnownFileType = sourcecode.c.objc; path = "UIImage+Blur.m"; sourceTree = "<group>"; };
		8CB2E7622AD1788F000A6B90 /* ActionMenuView.h */ = {isa = PBXFileReference; lastKnownFileType = sourcecode.c.h; path = ActionMenuView.h; sourceTree = "<group>"; };
		8CB2E7632AD1788F000A6B90 /* ActionMenuView.m */ = {isa = PBXFileReference; lastKnownFileType = sourcecode.c.objc; path = ActionMenuView.m; sourceTree = "<group>"; };
		8CB2E7652AD179F9000A6B90 /* ActionMenuDelegate.h */ = {isa = PBXFileReference; lastKnownFileType = sourcecode.c.h; path = ActionMenuDelegate.h; sourceTree = "<group>"; };
		8CDD07A72B4F619000A32B61 /* kfd.framework */ = {isa = PBXFileReference; explicitFileType = wrapper.framework; includeInIndex = 0; path = kfd.framework; sourceTree = BUILT_PRODUCTS_DIR; };
		8CDD07A92B4F619000A32B61 /* kfd.h */ = {isa = PBXFileReference; lastKnownFileType = sourcecode.c.h; path = kfd.h; sourceTree = "<group>"; };
		8CDD07B32B4F639100A32B61 /* kfd.m */ = {isa = PBXFileReference; fileEncoding = 4; lastKnownFileType = sourcecode.c.objc; path = kfd.m; sourceTree = "<group>"; };
		8CDD08352B4F682000A32B61 /* IOSurface.framework */ = {isa = PBXFileReference; lastKnownFileType = wrapper.framework; name = IOSurface.framework; path = Platforms/MacOSX.platform/Developer/SDKs/MacOSX14.2.sdk/System/Library/Frameworks/IOSurface.framework; sourceTree = DEVELOPER_DIR; };
		8CDD08372B4F682500A32B61 /* IOKit.framework */ = {isa = PBXFileReference; lastKnownFileType = wrapper.framework; name = IOKit.framework; path = Platforms/MacOSX.platform/Developer/SDKs/MacOSX14.2.sdk/System/Library/Frameworks/IOKit.framework; sourceTree = DEVELOPER_DIR; };
		8CDD08392B4F6D8200A32B61 /* libcurl.a */ = {isa = PBXFileReference; lastKnownFileType = archive.ar; name = libcurl.a; path = Dopamine/Dependencies/libcurl.a; sourceTree = "<group>"; };
		8CDD083A2B4F6D8200A32B61 /* libfragmentzip.a */ = {isa = PBXFileReference; lastKnownFileType = archive.ar; name = libfragmentzip.a; path = Dopamine/Dependencies/libfragmentzip.a; sourceTree = "<group>"; };
		8CDD083B2B4F6D8200A32B61 /* libgrabkernel.a */ = {isa = PBXFileReference; lastKnownFileType = archive.ar; name = libgrabkernel.a; path = Dopamine/Dependencies/libgrabkernel.a; sourceTree = "<group>"; };
		8CDD08422B4F6DD800A32B61 /* libjailbreak.dylib */ = {isa = PBXFileReference; lastKnownFileType = "compiled.mach-o.dylib"; name = libjailbreak.dylib; path = ../../BaseBin/.build/libjailbreak.dylib; sourceTree = "<group>"; };
		8CDD08432B4F6DD800A32B61 /* libchoma.dylib */ = {isa = PBXFileReference; lastKnownFileType = "compiled.mach-o.dylib"; name = libchoma.dylib; path = ../../BaseBin/.build/libchoma.dylib; sourceTree = "<group>"; };
		8CDD08442B4F6DD800A32B61 /* libxpf.dylib */ = {isa = PBXFileReference; lastKnownFileType = "compiled.mach-o.dylib"; name = libxpf.dylib; path = ../../BaseBin/.build/libxpf.dylib; sourceTree = "<group>"; };
/* End PBXFileReference section */

/* Begin PBXFrameworksBuildPhase section */
		8C7198122ABF0E82003C6658 /* Frameworks */ = {
			isa = PBXFrameworksBuildPhase;
			buildActionMask = 2147483647;
			files = (
				8C029F6B2B4E320E0071DE58 /* libz.tbd in Frameworks */,
				8CDD08472B4F6DD800A32B61 /* libxpf.dylib in Frameworks */,
				8CDD08462B4F6DD800A32B61 /* libchoma.dylib in Frameworks */,
				8C029F682B4E31D50071DE58 /* libMobileGestalt.tbd in Frameworks */,
				8CDD08412B4F6D8700A32B61 /* libgrabkernel.a in Frameworks */,
				8CDD08402B4F6D8700A32B61 /* libfragmentzip.a in Frameworks */,
				8C029F662B4E2E970071DE58 /* libcompression.tbd in Frameworks */,
				8CDD083F2B4F6D8700A32B61 /* libcurl.a in Frameworks */,
				8C4ABEB62B52094100B43C9B /* libjailbreak.dylib in Frameworks */,
			);
			runOnlyForDeploymentPostprocessing = 0;
		};
		8CDD07A42B4F619000A32B61 /* Frameworks */ = {
			isa = PBXFrameworksBuildPhase;
			buildActionMask = 2147483647;
			files = (
				8CDD08362B4F682000A32B61 /* IOSurface.framework in Frameworks */,
				8CDD08382B4F682500A32B61 /* IOKit.framework in Frameworks */,
			);
			runOnlyForDeploymentPostprocessing = 0;
		};
/* End PBXFrameworksBuildPhase section */

/* Begin PBXGroup section */
		8C029F402B4DFCFE0071DE58 /* Jailbreak */ = {
			isa = PBXGroup;
			children = (
				8C029F442B4DFD910071DE58 /* Bootstrapper.h */,
				8C029F452B4DFD910071DE58 /* Bootstrapper.m */,
				8C029F612B4E2E140071DE58 /* Jailbreaker.h */,
				8C029F622B4E2E140071DE58 /* Jailbreaker.m */,
				8C029F4C2B4E1FF30071DE58 /* Exploit.h */,
				8C029F4D2B4E1FF30071DE58 /* Exploit.m */,
				8C029F412B4DFD5D0071DE58 /* ExploitManager.h */,
				8C029F422B4DFD5D0071DE58 /* ExploitManager.m */,
				8C029F5E2B4E25350071DE58 /* EnvironmentManager.h */,
				8C029F5F2B4E25350071DE58 /* EnvironmentManager.m */,
			);
			path = Jailbreak;
			sourceTree = "<group>";
		};
		8C029F642B4E2E7D0071DE58 /* Frameworks */ = {
			isa = PBXGroup;
			children = (
				8CDD08372B4F682500A32B61 /* IOKit.framework */,
				8CDD08352B4F682000A32B61 /* IOSurface.framework */,
				8CDD08432B4F6DD800A32B61 /* libchoma.dylib */,
				8CDD08422B4F6DD800A32B61 /* libjailbreak.dylib */,
				8CDD08442B4F6DD800A32B61 /* libxpf.dylib */,
				8C029F672B4E31D50071DE58 /* libMobileGestalt.tbd */,
				8C029F652B4E2E7D0071DE58 /* libcompression.tbd */,
				8CDD08392B4F6D8200A32B61 /* libcurl.a */,
				8CDD083A2B4F6D8200A32B61 /* libfragmentzip.a */,
				8CDD083B2B4F6D8200A32B61 /* libgrabkernel.a */,
				8C029F6A2B4E320E0071DE58 /* libz.tbd */,
			);
			name = Frameworks;
			sourceTree = "<group>";
		};
		8C2131762B50CA4B008E682C /* Exploit */ = {
			isa = PBXGroup;
			children = (
				8C2131772B50CA4B008E682C /* libkfd */,
				8C2131902B50CA4B008E682C /* libkfd.h */,
			);
			path = Exploit;
			sourceTree = "<group>";
		};
		8C2131772B50CA4B008E682C /* libkfd */ = {
			isa = PBXGroup;
			children = (
				8C2131782B50CA4B008E682C /* krkw.h */,
				8C2131792B50CA4B008E682C /* krkw */,
				8C2131832B50CA4B008E682C /* info */,
				8C2131882B50CA4B008E682C /* puaf.h */,
				8C2131892B50CA4B008E682C /* common.h */,
				8C21318A2B50CA4B008E682C /* puaf */,
				8C21318E2B50CA4B008E682C /* perf.h */,
				8C21318F2B50CA4B008E682C /* info.h */,
			);
			path = libkfd;
			sourceTree = "<group>";
		};
		8C2131792B50CA4B008E682C /* krkw */ = {
			isa = PBXGroup;
			children = (
				8C21317A2B50CA4B008E682C /* kread */,
				8C21317F2B50CA4B008E682C /* kwrite */,
				8C21317E2B50CA4B008E682C /* IOSurface_shared.h */,
			);
			path = krkw;
			sourceTree = "<group>";
		};
		8C21317A2B50CA4B008E682C /* kread */ = {
			isa = PBXGroup;
			children = (
				8C21317B2B50CA4B008E682C /* kread_sem_open.h */,
				8C21317C2B50CA4B008E682C /* kread_IOSurface.h */,
				8C21317D2B50CA4B008E682C /* kread_kqueue_workloop_ctl.h */,
			);
			path = kread;
			sourceTree = "<group>";
		};
		8C21317F2B50CA4B008E682C /* kwrite */ = {
			isa = PBXGroup;
			children = (
				8C2131802B50CA4B008E682C /* kwrite_IOSurface.h */,
				8C2131812B50CA4B008E682C /* kwrite_sem_open.h */,
				8C2131822B50CA4B008E682C /* kwrite_dup.h */,
			);
			path = kwrite;
			sourceTree = "<group>";
		};
		8C2131832B50CA4B008E682C /* info */ = {
			isa = PBXGroup;
			children = (
				8C2131842B50CA4B008E682C /* static_info.h */,
				8C2131872B50CA4B008E682C /* dynamic_info.h */,
			);
			path = info;
			sourceTree = "<group>";
		};
		8C21318A2B50CA4B008E682C /* puaf */ = {
			isa = PBXGroup;
			children = (
				8C21318B2B50CA4B008E682C /* smith.h */,
				8C21318C2B50CA4B008E682C /* physpuppet.h */,
				8C21318D2B50CA4B008E682C /* landa.h */,
			);
			path = puaf;
			sourceTree = "<group>";
		};
		8C71980C2ABF0E82003C6658 = {
			isa = PBXGroup;
			children = (
				8C7198172ABF0E82003C6658 /* Dopamine */,
				8C7198162ABF0E82003C6658 /* Products */,
				8C029F642B4E2E7D0071DE58 /* Frameworks */,
			);
			sourceTree = "<group>";
		};
		8C7198162ABF0E82003C6658 /* Products */ = {
			isa = PBXGroup;
			children = (
				8C7198152ABF0E82003C6658 /* Dopamine.app */,
				8CDD07A72B4F619000A32B61 /* kfd.framework */,
			);
			name = Products;
			sourceTree = "<group>";
		};
		8C7198172ABF0E82003C6658 /* Dopamine */ = {
			isa = PBXGroup;
			children = (
				8C7198332ABF133D003C6658 /* App Delegates */,
				8C7198312ABF12F4003C6658 /* UI */,
				8C9E46262ACA1C5800B5456A /* Extensions */,
				8C029F402B4DFCFE0071DE58 /* Jailbreak */,
				8C7198322ABF130A003C6658 /* Exploits */,
				8C7198242ABF0E84003C6658 /* Assets.xcassets */,
				8C7198262ABF0E84003C6658 /* LaunchScreen.storyboard */,
				8C7198292ABF0E84003C6658 /* Info.plist */,
				8C71982A2ABF0E84003C6658 /* main.m */,
			);
			path = Dopamine;
			sourceTree = "<group>";
		};
		8C7198312ABF12F4003C6658 /* UI */ = {
			isa = PBXGroup;
			children = (
				8C3245562AD5E24F001EC3CA /* GlobalAppearance.h */,
				8C3245572AD5E24F001EC3CA /* GlobalAppearance.m */,
				8C71981E2ABF0E82003C6658 /* RootViewController.h */,
				8C71981F2ABF0E82003C6658 /* RootViewController.m */,
				8CB2E7622AD1788F000A6B90 /* ActionMenuView.h */,
				8CB2E7632AD1788F000A6B90 /* ActionMenuView.m */,
				8CB2E7652AD179F9000A6B90 /* ActionMenuDelegate.h */,
				8C3245532AD58309001EC3CA /* ExpandableButton.h */,
				8C3245542AD58309001EC3CA /* ExpandableButton.m */,
			);
			path = UI;
			sourceTree = "<group>";
		};
		8C7198322ABF130A003C6658 /* Exploits */ = {
			isa = PBXGroup;
			children = (
				8CDD07A82B4F619000A32B61 /* kfd */,
			);
			path = Exploits;
			sourceTree = "<group>";
		};
		8C7198332ABF133D003C6658 /* App Delegates */ = {
			isa = PBXGroup;
			children = (
				8C7198182ABF0E82003C6658 /* AppDelegate.h */,
				8C7198192ABF0E82003C6658 /* AppDelegate.m */,
				8C71981B2ABF0E82003C6658 /* SceneDelegate.h */,
				8C71981C2ABF0E82003C6658 /* SceneDelegate.m */,
			);
			path = "App Delegates";
			sourceTree = "<group>";
		};
		8C9E46262ACA1C5800B5456A /* Extensions */ = {
			isa = PBXGroup;
			children = (
				8C9E46272ACA1C8D00B5456A /* UIImage+Blur.h */,
				8C9E46282ACA1CC700B5456A /* UIImage+Blur.m */,
			);
			path = Extensions;
			sourceTree = "<group>";
		};
		8CDD07A82B4F619000A32B61 /* kfd */ = {
			isa = PBXGroup;
			children = (
				8C2131762B50CA4B008E682C /* Exploit */,
				8CDD07A92B4F619000A32B61 /* kfd.h */,
				8CDD07B32B4F639100A32B61 /* kfd.m */,
			);
			path = kfd;
			sourceTree = "<group>";
		};
/* End PBXGroup section */

/* Begin PBXHeadersBuildPhase section */
		8CDD07A22B4F619000A32B61 /* Headers */ = {
			isa = PBXHeadersBuildPhase;
			buildActionMask = 2147483647;
			files = (
				8C21319C2B50CA4B008E682C /* puaf.h in Headers */,
				8C2131A22B50CA4B008E682C /* info.h in Headers */,
				8C2131A32B50CA4B008E682C /* libkfd.h in Headers */,
				8C2131A12B50CA4B008E682C /* perf.h in Headers */,
				8C2131982B50CA4B008E682C /* kwrite_dup.h in Headers */,
				8C2131962B50CA4B008E682C /* kwrite_IOSurface.h in Headers */,
				8C2131922B50CA4B008E682C /* kread_sem_open.h in Headers */,
				8C21319F2B50CA4B008E682C /* physpuppet.h in Headers */,
				8C2131A02B50CA4B008E682C /* landa.h in Headers */,
				8C2131972B50CA4B008E682C /* kwrite_sem_open.h in Headers */,
				8C21319D2B50CA4B008E682C /* common.h in Headers */,
				8CDD07AA2B4F619000A32B61 /* kfd.h in Headers */,
				8C2131932B50CA4B008E682C /* kread_IOSurface.h in Headers */,
				8C2131992B50CA4B008E682C /* static_info.h in Headers */,
				8C21319B2B50CA4B008E682C /* dynamic_info.h in Headers */,
				8C2131952B50CA4B008E682C /* IOSurface_shared.h in Headers */,
				8C21319E2B50CA4B008E682C /* smith.h in Headers */,
				8C2131912B50CA4B008E682C /* krkw.h in Headers */,
				8C2131942B50CA4B008E682C /* kread_kqueue_workloop_ctl.h in Headers */,
			);
			runOnlyForDeploymentPostprocessing = 0;
		};
/* End PBXHeadersBuildPhase section */

/* Begin PBXNativeTarget section */
		8C7198142ABF0E82003C6658 /* Dopamine */ = {
			isa = PBXNativeTarget;
			buildConfigurationList = 8C71982E2ABF0E84003C6658 /* Build configuration list for PBXNativeTarget "Dopamine" */;
			buildPhases = (
				8C7198112ABF0E82003C6658 /* Sources */,
				8C7198122ABF0E82003C6658 /* Frameworks */,
				8C7198132ABF0E82003C6658 /* Resources */,
				8C029F5C2B4E21F50071DE58 /* Embed Libraries */,
				8CDD07AE2B4F619000A32B61 /* Embed Frameworks */,
			);
			buildRules = (
			);
			dependencies = (
				8CDD07AC2B4F619000A32B61 /* PBXTargetDependency */,
			);
			name = Dopamine;
			productName = Dopamine;
			productReference = 8C7198152ABF0E82003C6658 /* Dopamine.app */;
			productType = "com.apple.product-type.application";
		};
		8CDD07A62B4F619000A32B61 /* kfd */ = {
			isa = PBXNativeTarget;
			buildConfigurationList = 8CDD07B22B4F619000A32B61 /* Build configuration list for PBXNativeTarget "kfd" */;
			buildPhases = (
				8CDD07A22B4F619000A32B61 /* Headers */,
				8CDD07A32B4F619000A32B61 /* Sources */,
				8CDD07A42B4F619000A32B61 /* Frameworks */,
				8CDD07A52B4F619000A32B61 /* Resources */,
			);
			buildRules = (
			);
			dependencies = (
			);
			name = kfd;
			productName = kfd;
			productReference = 8CDD07A72B4F619000A32B61 /* kfd.framework */;
			productType = "com.apple.product-type.framework";
		};
/* End PBXNativeTarget section */

/* Begin PBXProject section */
		8C71980D2ABF0E82003C6658 /* Project object */ = {
			isa = PBXProject;
			attributes = {
				BuildIndependentTargetsInParallel = 1;
				LastUpgradeCheck = 1500;
				TargetAttributes = {
					8C7198142ABF0E82003C6658 = {
						CreatedOnToolsVersion = 15.0;
					};
					8CDD07A62B4F619000A32B61 = {
						CreatedOnToolsVersion = 15.1;
					};
				};
			};
			buildConfigurationList = 8C7198102ABF0E82003C6658 /* Build configuration list for PBXProject "Dopamine" */;
			compatibilityVersion = "Xcode 14.0";
			developmentRegion = en;
			hasScannedForEncodings = 0;
			knownRegions = (
				en,
				Base,
			);
			mainGroup = 8C71980C2ABF0E82003C6658;
			productRefGroup = 8C7198162ABF0E82003C6658 /* Products */;
			projectDirPath = "";
			projectRoot = "";
			targets = (
				8C7198142ABF0E82003C6658 /* Dopamine */,
				8CDD07A62B4F619000A32B61 /* kfd */,
			);
		};
/* End PBXProject section */

/* Begin PBXResourcesBuildPhase section */
		8C7198132ABF0E82003C6658 /* Resources */ = {
			isa = PBXResourcesBuildPhase;
			buildActionMask = 2147483647;
			files = (
				8C7198282ABF0E84003C6658 /* LaunchScreen.storyboard in Resources */,
				8C7198252ABF0E84003C6658 /* Assets.xcassets in Resources */,
			);
			runOnlyForDeploymentPostprocessing = 0;
		};
		8CDD07A52B4F619000A32B61 /* Resources */ = {
			isa = PBXResourcesBuildPhase;
			buildActionMask = 2147483647;
			files = (
			);
			runOnlyForDeploymentPostprocessing = 0;
		};
/* End PBXResourcesBuildPhase section */

/* Begin PBXSourcesBuildPhase section */
		8C7198112ABF0E82003C6658 /* Sources */ = {
			isa = PBXSourcesBuildPhase;
			buildActionMask = 2147483647;
			files = (
				8C7198202ABF0E82003C6658 /* RootViewController.m in Sources */,
				8C029F432B4DFD5D0071DE58 /* ExploitManager.m in Sources */,
				8C71981A2ABF0E82003C6658 /* AppDelegate.m in Sources */,
				8C029F632B4E2E140071DE58 /* Jailbreaker.m in Sources */,
				8C9E46292ACA1CC700B5456A /* UIImage+Blur.m in Sources */,
				8C029F462B4DFD910071DE58 /* Bootstrapper.m in Sources */,
				8CB2E7642AD1788F000A6B90 /* ActionMenuView.m in Sources */,
				8C71982B2ABF0E84003C6658 /* main.m in Sources */,
				8C029F602B4E25350071DE58 /* EnvironmentManager.m in Sources */,
				8C029F4E2B4E1FF30071DE58 /* Exploit.m in Sources */,
				8C3245552AD58309001EC3CA /* ExpandableButton.m in Sources */,
				8C3245582AD5E24F001EC3CA /* GlobalAppearance.m in Sources */,
				8C71981D2ABF0E82003C6658 /* SceneDelegate.m in Sources */,
			);
			runOnlyForDeploymentPostprocessing = 0;
		};
		8CDD07A32B4F619000A32B61 /* Sources */ = {
			isa = PBXSourcesBuildPhase;
			buildActionMask = 2147483647;
			files = (
				8CDD08342B4F63E100A32B61 /* kfd.m in Sources */,
			);
			runOnlyForDeploymentPostprocessing = 0;
		};
/* End PBXSourcesBuildPhase section */

/* Begin PBXTargetDependency section */
		8CDD07AC2B4F619000A32B61 /* PBXTargetDependency */ = {
			isa = PBXTargetDependency;
			target = 8CDD07A62B4F619000A32B61 /* kfd */;
			targetProxy = 8CDD07AB2B4F619000A32B61 /* PBXContainerItemProxy */;
		};
/* End PBXTargetDependency section */

/* Begin PBXVariantGroup section */
		8C7198262ABF0E84003C6658 /* LaunchScreen.storyboard */ = {
			isa = PBXVariantGroup;
			children = (
				8C7198272ABF0E84003C6658 /* Base */,
			);
			name = LaunchScreen.storyboard;
			sourceTree = "<group>";
		};
/* End PBXVariantGroup section */

/* Begin XCBuildConfiguration section */
		8C71982C2ABF0E84003C6658 /* Debug */ = {
			isa = XCBuildConfiguration;
			buildSettings = {
				ALWAYS_SEARCH_USER_PATHS = NO;
				ASSETCATALOG_COMPILER_GENERATE_SWIFT_ASSET_SYMBOL_EXTENSIONS = YES;
				CLANG_ANALYZER_NONNULL = YES;
				CLANG_ANALYZER_NUMBER_OBJECT_CONVERSION = YES_AGGRESSIVE;
				CLANG_CXX_LANGUAGE_STANDARD = "gnu++20";
				CLANG_ENABLE_MODULES = YES;
				CLANG_ENABLE_OBJC_ARC = YES;
				CLANG_ENABLE_OBJC_WEAK = YES;
				CLANG_WARN_BLOCK_CAPTURE_AUTORELEASING = YES;
				CLANG_WARN_BOOL_CONVERSION = YES;
				CLANG_WARN_COMMA = YES;
				CLANG_WARN_CONSTANT_CONVERSION = YES;
				CLANG_WARN_DEPRECATED_OBJC_IMPLEMENTATIONS = YES;
				CLANG_WARN_DIRECT_OBJC_ISA_USAGE = YES_ERROR;
				CLANG_WARN_DOCUMENTATION_COMMENTS = YES;
				CLANG_WARN_EMPTY_BODY = YES;
				CLANG_WARN_ENUM_CONVERSION = YES;
				CLANG_WARN_INFINITE_RECURSION = YES;
				CLANG_WARN_INT_CONVERSION = YES;
				CLANG_WARN_NON_LITERAL_NULL_CONVERSION = YES;
				CLANG_WARN_OBJC_IMPLICIT_RETAIN_SELF = YES;
				CLANG_WARN_OBJC_LITERAL_CONVERSION = YES;
				CLANG_WARN_OBJC_ROOT_CLASS = YES_ERROR;
				CLANG_WARN_QUOTED_INCLUDE_IN_FRAMEWORK_HEADER = YES;
				CLANG_WARN_RANGE_LOOP_ANALYSIS = YES;
				CLANG_WARN_STRICT_PROTOTYPES = YES;
				CLANG_WARN_SUSPICIOUS_MOVE = YES;
				CLANG_WARN_UNGUARDED_AVAILABILITY = YES_AGGRESSIVE;
				CLANG_WARN_UNREACHABLE_CODE = YES;
				CLANG_WARN__DUPLICATE_METHOD_MATCH = YES;
				COPY_PHASE_STRIP = NO;
				DEBUG_INFORMATION_FORMAT = dwarf;
				ENABLE_STRICT_OBJC_MSGSEND = YES;
				ENABLE_TESTABILITY = YES;
				ENABLE_USER_SCRIPT_SANDBOXING = YES;
				GCC_C_LANGUAGE_STANDARD = gnu17;
				GCC_DYNAMIC_NO_PIC = NO;
				GCC_NO_COMMON_BLOCKS = YES;
				GCC_OPTIMIZATION_LEVEL = 0;
				GCC_PREPROCESSOR_DEFINITIONS = (
					"DEBUG=1",
					"$(inherited)",
				);
				GCC_WARN_64_TO_32_BIT_CONVERSION = YES;
				GCC_WARN_ABOUT_RETURN_TYPE = YES_ERROR;
				GCC_WARN_UNDECLARED_SELECTOR = YES;
				GCC_WARN_UNINITIALIZED_AUTOS = YES_AGGRESSIVE;
				GCC_WARN_UNUSED_FUNCTION = YES;
				GCC_WARN_UNUSED_VARIABLE = YES;
				IPHONEOS_DEPLOYMENT_TARGET = 15.0;
				LOCALIZATION_PREFERS_STRING_CATALOGS = YES;
				MTL_ENABLE_DEBUG_INFO = INCLUDE_SOURCE;
				MTL_FAST_MATH = YES;
				ONLY_ACTIVE_ARCH = YES;
				SDKROOT = iphoneos;
			};
			name = Debug;
		};
		8C71982D2ABF0E84003C6658 /* Release */ = {
			isa = XCBuildConfiguration;
			buildSettings = {
				ALWAYS_SEARCH_USER_PATHS = NO;
				ASSETCATALOG_COMPILER_GENERATE_SWIFT_ASSET_SYMBOL_EXTENSIONS = YES;
				CLANG_ANALYZER_NONNULL = YES;
				CLANG_ANALYZER_NUMBER_OBJECT_CONVERSION = YES_AGGRESSIVE;
				CLANG_CXX_LANGUAGE_STANDARD = "gnu++20";
				CLANG_ENABLE_MODULES = YES;
				CLANG_ENABLE_OBJC_ARC = YES;
				CLANG_ENABLE_OBJC_WEAK = YES;
				CLANG_WARN_BLOCK_CAPTURE_AUTORELEASING = YES;
				CLANG_WARN_BOOL_CONVERSION = YES;
				CLANG_WARN_COMMA = YES;
				CLANG_WARN_CONSTANT_CONVERSION = YES;
				CLANG_WARN_DEPRECATED_OBJC_IMPLEMENTATIONS = YES;
				CLANG_WARN_DIRECT_OBJC_ISA_USAGE = YES_ERROR;
				CLANG_WARN_DOCUMENTATION_COMMENTS = YES;
				CLANG_WARN_EMPTY_BODY = YES;
				CLANG_WARN_ENUM_CONVERSION = YES;
				CLANG_WARN_INFINITE_RECURSION = YES;
				CLANG_WARN_INT_CONVERSION = YES;
				CLANG_WARN_NON_LITERAL_NULL_CONVERSION = YES;
				CLANG_WARN_OBJC_IMPLICIT_RETAIN_SELF = YES;
				CLANG_WARN_OBJC_LITERAL_CONVERSION = YES;
				CLANG_WARN_OBJC_ROOT_CLASS = YES_ERROR;
				CLANG_WARN_QUOTED_INCLUDE_IN_FRAMEWORK_HEADER = YES;
				CLANG_WARN_RANGE_LOOP_ANALYSIS = YES;
				CLANG_WARN_STRICT_PROTOTYPES = YES;
				CLANG_WARN_SUSPICIOUS_MOVE = YES;
				CLANG_WARN_UNGUARDED_AVAILABILITY = YES_AGGRESSIVE;
				CLANG_WARN_UNREACHABLE_CODE = YES;
				CLANG_WARN__DUPLICATE_METHOD_MATCH = YES;
				COPY_PHASE_STRIP = NO;
				DEBUG_INFORMATION_FORMAT = "dwarf-with-dsym";
				ENABLE_NS_ASSERTIONS = NO;
				ENABLE_STRICT_OBJC_MSGSEND = YES;
				ENABLE_USER_SCRIPT_SANDBOXING = YES;
				GCC_C_LANGUAGE_STANDARD = gnu17;
				GCC_NO_COMMON_BLOCKS = YES;
				GCC_WARN_64_TO_32_BIT_CONVERSION = YES;
				GCC_WARN_ABOUT_RETURN_TYPE = YES_ERROR;
				GCC_WARN_UNDECLARED_SELECTOR = YES;
				GCC_WARN_UNINITIALIZED_AUTOS = YES_AGGRESSIVE;
				GCC_WARN_UNUSED_FUNCTION = YES;
				GCC_WARN_UNUSED_VARIABLE = YES;
				IPHONEOS_DEPLOYMENT_TARGET = 15.0;
				LOCALIZATION_PREFERS_STRING_CATALOGS = YES;
				MTL_ENABLE_DEBUG_INFO = NO;
				MTL_FAST_MATH = YES;
				SDKROOT = iphoneos;
				VALIDATE_PRODUCT = YES;
			};
			name = Release;
		};
		8C71982F2ABF0E84003C6658 /* Debug */ = {
			isa = XCBuildConfiguration;
			buildSettings = {
				ASSETCATALOG_COMPILER_APPICON_NAME = AppIcon;
				ASSETCATALOG_COMPILER_GLOBAL_ACCENT_COLOR_NAME = AccentColor;
				CODE_SIGN_STYLE = Automatic;
				CURRENT_PROJECT_VERSION = 1;
				DEVELOPMENT_TEAM = 3Z56NQJ65R;
				FRAMEWORK_SEARCH_PATHS = "$(SRCROOT)/../../Exploits/**";
				GENERATE_INFOPLIST_FILE = YES;
				HEADER_SEARCH_PATHS = "$(SRCROOT)/../../BaseBin/.include";
				INFOPLIST_FILE = Dopamine/Info.plist;
				INFOPLIST_KEY_UIApplicationSupportsIndirectInputEvents = YES;
				INFOPLIST_KEY_UILaunchStoryboardName = LaunchScreen;
				INFOPLIST_KEY_UISupportedInterfaceOrientations_iPad = "UIInterfaceOrientationPortrait UIInterfaceOrientationPortraitUpsideDown UIInterfaceOrientationLandscapeLeft UIInterfaceOrientationLandscapeRight";
				INFOPLIST_KEY_UISupportedInterfaceOrientations_iPhone = "UIInterfaceOrientationPortrait UIInterfaceOrientationLandscapeLeft UIInterfaceOrientationLandscapeRight";
				IPHONEOS_DEPLOYMENT_TARGET = 15.0;
				LD_RUNPATH_SEARCH_PATHS = (
					"$(inherited)",
					"@executable_path/Frameworks",
				);
				LIBRARY_SEARCH_PATHS = (
					"$(inherited)",
					"$(PROJECT_DIR)/Dopamine/Dependencies",
					"$(SRCROOT)/../../BaseBin/.build",
				);
				MARKETING_VERSION = 1.0;
				PRODUCT_BUNDLE_IDENTIFIER = com.opa334.Dopamine;
				PRODUCT_NAME = "$(TARGET_NAME)";
				SWIFT_EMIT_LOC_STRINGS = YES;
				TARGETED_DEVICE_FAMILY = "1,2";
			};
			name = Debug;
		};
		8C7198302ABF0E84003C6658 /* Release */ = {
			isa = XCBuildConfiguration;
			buildSettings = {
				ASSETCATALOG_COMPILER_APPICON_NAME = AppIcon;
				ASSETCATALOG_COMPILER_GLOBAL_ACCENT_COLOR_NAME = AccentColor;
				CODE_SIGN_STYLE = Automatic;
				CURRENT_PROJECT_VERSION = 1;
				DEVELOPMENT_TEAM = 3Z56NQJ65R;
				FRAMEWORK_SEARCH_PATHS = "$(SRCROOT)/../../Exploits/**";
				GENERATE_INFOPLIST_FILE = YES;
				HEADER_SEARCH_PATHS = "$(SRCROOT)/../../BaseBin/.include";
				INFOPLIST_FILE = Dopamine/Info.plist;
				INFOPLIST_KEY_UIApplicationSupportsIndirectInputEvents = YES;
				INFOPLIST_KEY_UILaunchStoryboardName = LaunchScreen;
				INFOPLIST_KEY_UISupportedInterfaceOrientations_iPad = "UIInterfaceOrientationPortrait UIInterfaceOrientationPortraitUpsideDown UIInterfaceOrientationLandscapeLeft UIInterfaceOrientationLandscapeRight";
				INFOPLIST_KEY_UISupportedInterfaceOrientations_iPhone = "UIInterfaceOrientationPortrait UIInterfaceOrientationLandscapeLeft UIInterfaceOrientationLandscapeRight";
				IPHONEOS_DEPLOYMENT_TARGET = 15.0;
				LD_RUNPATH_SEARCH_PATHS = (
					"$(inherited)",
					"@executable_path/Frameworks",
				);
				LIBRARY_SEARCH_PATHS = (
					"$(inherited)",
					"$(PROJECT_DIR)/Dopamine/Dependencies",
					"$(SRCROOT)/../../BaseBin/.build",
				);
				MARKETING_VERSION = 1.0;
				PRODUCT_BUNDLE_IDENTIFIER = com.opa334.Dopamine;
				PRODUCT_NAME = "$(TARGET_NAME)";
				SWIFT_EMIT_LOC_STRINGS = YES;
				TARGETED_DEVICE_FAMILY = "1,2";
			};
			name = Release;
		};
		8CDD07B02B4F619000A32B61 /* Debug */ = {
			isa = XCBuildConfiguration;
			buildSettings = {
				CODE_SIGN_STYLE = Automatic;
				CURRENT_PROJECT_VERSION = 1;
				DEFINES_MODULE = YES;
				DEVELOPMENT_TEAM = 3Z56NQJ65R;
				DYLIB_COMPATIBILITY_VERSION = 1;
				DYLIB_CURRENT_VERSION = 1;
				DYLIB_INSTALL_NAME_BASE = "@rpath";
				ENABLE_MODULE_VERIFIER = YES;
				GENERATE_INFOPLIST_FILE = YES;
				HEADER_SEARCH_PATHS = "$(SRCROOT)/../../BaseBin/.include";
				INFOPLIST_KEY_NSHumanReadableCopyright = "";
				INSTALL_PATH = "$(LOCAL_LIBRARY_DIR)/Frameworks";
				IPHONEOS_DEPLOYMENT_TARGET = 15.0;
				LD_RUNPATH_SEARCH_PATHS = (
					"$(inherited)",
					"@executable_path/Frameworks",
					"@loader_path/Frameworks",
				);
				LIBRARY_SEARCH_PATHS = (
					"$(inherited)",
					"$(PROJECT_DIR)/Dopamine/Dependencies",
				);
				MARKETING_VERSION = 1.0;
				MODULE_VERIFIER_SUPPORTED_LANGUAGES = "objective-c objective-c++";
				MODULE_VERIFIER_SUPPORTED_LANGUAGE_STANDARDS = "gnu17 gnu++20";
				PRODUCT_BUNDLE_IDENTIFIER = com.opa334.kfd;
				PRODUCT_NAME = "$(TARGET_NAME:c99extidentifier)";
				SKIP_INSTALL = YES;
				SWIFT_EMIT_LOC_STRINGS = YES;
				TARGETED_DEVICE_FAMILY = "1,2";
				VERSIONING_SYSTEM = "apple-generic";
				VERSION_INFO_PREFIX = "";
			};
			name = Debug;
		};
		8CDD07B12B4F619000A32B61 /* Release */ = {
			isa = XCBuildConfiguration;
			buildSettings = {
				CODE_SIGN_STYLE = Automatic;
				CURRENT_PROJECT_VERSION = 1;
				DEFINES_MODULE = YES;
				DEVELOPMENT_TEAM = 3Z56NQJ65R;
				DYLIB_COMPATIBILITY_VERSION = 1;
				DYLIB_CURRENT_VERSION = 1;
				DYLIB_INSTALL_NAME_BASE = "@rpath";
				ENABLE_MODULE_VERIFIER = YES;
				GENERATE_INFOPLIST_FILE = YES;
				HEADER_SEARCH_PATHS = "$(SRCROOT)/../../BaseBin/.include";
				INFOPLIST_KEY_NSHumanReadableCopyright = "";
				INSTALL_PATH = "$(LOCAL_LIBRARY_DIR)/Frameworks";
				IPHONEOS_DEPLOYMENT_TARGET = 15.0;
				LD_RUNPATH_SEARCH_PATHS = (
					"$(inherited)",
					"@executable_path/Frameworks",
					"@loader_path/Frameworks",
				);
				LIBRARY_SEARCH_PATHS = (
					"$(inherited)",
					"$(PROJECT_DIR)/Dopamine/Dependencies",
				);
				MARKETING_VERSION = 1.0;
				MODULE_VERIFIER_SUPPORTED_LANGUAGES = "objective-c objective-c++";
				MODULE_VERIFIER_SUPPORTED_LANGUAGE_STANDARDS = "gnu17 gnu++20";
				PRODUCT_BUNDLE_IDENTIFIER = com.opa334.kfd;
				PRODUCT_NAME = "$(TARGET_NAME:c99extidentifier)";
				SKIP_INSTALL = YES;
				SWIFT_EMIT_LOC_STRINGS = YES;
				TARGETED_DEVICE_FAMILY = "1,2";
				VERSIONING_SYSTEM = "apple-generic";
				VERSION_INFO_PREFIX = "";
			};
			name = Release;
		};
/* End XCBuildConfiguration section */

/* Begin XCConfigurationList section */
		8C7198102ABF0E82003C6658 /* Build configuration list for PBXProject "Dopamine" */ = {
			isa = XCConfigurationList;
			buildConfigurations = (
				8C71982C2ABF0E84003C6658 /* Debug */,
				8C71982D2ABF0E84003C6658 /* Release */,
			);
			defaultConfigurationIsVisible = 0;
			defaultConfigurationName = Release;
		};
		8C71982E2ABF0E84003C6658 /* Build configuration list for PBXNativeTarget "Dopamine" */ = {
			isa = XCConfigurationList;
			buildConfigurations = (
				8C71982F2ABF0E84003C6658 /* Debug */,
				8C7198302ABF0E84003C6658 /* Release */,
			);
			defaultConfigurationIsVisible = 0;
			defaultConfigurationName = Release;
		};
		8CDD07B22B4F619000A32B61 /* Build configuration list for PBXNativeTarget "kfd" */ = {
			isa = XCConfigurationList;
			buildConfigurations = (
				8CDD07B02B4F619000A32B61 /* Debug */,
				8CDD07B12B4F619000A32B61 /* Release */,
			);
			defaultConfigurationIsVisible = 0;
			defaultConfigurationName = Release;
		};
/* End XCConfigurationList section */
	};
	rootObject = 8C71980D2ABF0E82003C6658 /* Project object */;
}
