{
  "pins" : [
    {
      "identity" : "patchfinderutils",
      "kind" : "remoteSourceControl",
      "location" : "https://github.com/pinauten/PatchfinderUtils",
      "state" : {
        "branch" : "master",
        "revision" : "83647509e12001e8f42b2a5dc46b40977e12098b"
      }
    },
    {
      "identity" : "swiftmacho",
      "kind" : "remoteSourceControl",
      "location" : "https://github.com/pinauten/SwiftMachO",
      "state" : {
        "branch" : "master",
        "revision" : "cbfb1886c14bfb28c54034b43e49807ab7c17f11"
      }
    },
    {
      "identity" : "swiftutils",
      "kind" : "remoteSourceControl",
      "location" : "https://github.com/pinauten/SwiftUtils",
      "state" : {
        "branch" : "master",
        "revision" : "1d37faabb4c58b3152394c9b6e1c1a68507646b9"
      }
    }
  ],
  "version" : 2
}
