// !$*UTF8*$!
{
	archiveVersion = 1;
	classes = {
	};
	objectVersion = 56;
	objects = {

/* Begin PBXBuildFile section */
		040683152B618BEE00049503 /* DOUIManager.m in Sources */ = {isa = PBXBuildFile; fileRef = 040683142B618BEE00049503 /* DOUIManager.m */; };
		040A867B2B59925C00778869 /* DOLoadingIndicator.m in Sources */ = {isa = PBXBuildFile; fileRef = 040A867A2B59925C00778869 /* DOLoadingIndicator.m */; };
		040A867E2B59C3A300778869 /* DOProgressiveBlurView.m in Sources */ = {isa = PBXBuildFile; fileRef = 040A867D2B59C3A300778869 /* DOProgressiveBlurView.m */; };
		040A86812B59CC6100778869 /* DODoubleHelixIndicator.m in Sources */ = {isa = PBXBuildFile; fileRef = 040A86802B59CC6100778869 /* DODoubleHelixIndicator.m */; };
		042479582B642BAE0082581B /* DOHeaderCell.m in Sources */ = {isa = PBXBuildFile; fileRef = 042479572B642BAE0082581B /* DOHeaderCell.m */; };
		0424795B2B6431DA0082581B /* DOButtonCell.m in Sources */ = {isa = PBXBuildFile; fileRef = 0424795A2B6431D90082581B /* DOButtonCell.m */; };
		0424795D2B643F6D0082581B /* Credits.plist in Resources */ = {isa = PBXBuildFile; fileRef = 0424795C2B643F6D0082581B /* Credits.plist */; };
		042479602B6444D80082581B /* DOPSListController.m in Sources */ = {isa = PBXBuildFile; fileRef = 0424795F2B6444D80082581B /* DOPSListController.m */; };
		042479642B644CEB0082581B /* DOCreditsCell.m in Sources */ = {isa = PBXBuildFile; fileRef = 042479632B644CEB0082581B /* DOCreditsCell.m */; };
		04419F862B46CA8000B1A686 /* DOHeaderView.m in Sources */ = {isa = PBXBuildFile; fileRef = 04419F852B46CA8000B1A686 /* DOHeaderView.m */; };
		04419F882B46CA8900B1A686 /* DOHeaderView.h in Sources */ = {isa = PBXBuildFile; fileRef = 04419F872B46CA8900B1A686 /* DOHeaderView.h */; };
		04419F912B46DC3300B1A686 /* DONavigationController.m in Sources */ = {isa = PBXBuildFile; fileRef = 04419F902B46DC3300B1A686 /* DONavigationController.m */; };
		04419F942B46E9D800B1A686 /* DOActionMenuView.m in Sources */ = {isa = PBXBuildFile; fileRef = 04419F932B46E9D800B1A686 /* DOActionMenuView.m */; };
		04419F972B4B518C00B1A686 /* DOActionMenuButton.m in Sources */ = {isa = PBXBuildFile; fileRef = 04419F962B4B518C00B1A686 /* DOActionMenuButton.m */; };
		04419F9A2B4B704C00B1A686 /* DOMainViewController.m in Sources */ = {isa = PBXBuildFile; fileRef = 04419F992B4B704C00B1A686 /* DOMainViewController.m */; };
		04419F9E2B4B73C100B1A686 /* DOModalTransitionPush.m in Sources */ = {isa = PBXBuildFile; fileRef = 04419F9D2B4B73C100B1A686 /* DOModalTransitionPush.m */; };
		04419FA32B4B7B3600B1A686 /* DOModalTransitionPop.m in Sources */ = {isa = PBXBuildFile; fileRef = 04419FA22B4B7B3600B1A686 /* DOModalTransitionPop.m */; };
		04419FAB2B4B80A500B1A686 /* DOCreditsViewController.m in Sources */ = {isa = PBXBuildFile; fileRef = 04419FAA2B4B80A500B1A686 /* DOCreditsViewController.m */; };
		04419FB62B4B892200B1A686 /* DOSettingsController.m in Sources */ = {isa = PBXBuildFile; fileRef = 04419FB52B4B892200B1A686 /* DOSettingsController.m */; };
		044EF0D62B5203270081F37B /* Settings.plist in Resources */ = {isa = PBXBuildFile; fileRef = 044EF0D52B5203270081F37B /* Settings.plist */; };
		044EF0D82B52076A0081F37B /* Preferences.framework in Frameworks */ = {isa = PBXBuildFile; fileRef = 044EF0D72B52076A0081F37B /* Preferences.framework */; };
		044EF0E02B5214040081F37B /* DOLyricsLogView.m in Sources */ = {isa = PBXBuildFile; fileRef = 044EF0DF2B5214040081F37B /* DOLyricsLogView.m */; };
		044EF0E52B52181A0081F37B /* DOJailbreakButton.m in Sources */ = {isa = PBXBuildFile; fileRef = 044EF0E42B52181A0081F37B /* DOJailbreakButton.m */; };
		046C1F262B6009EF00EABE8B /* DODebugLogView.m in Sources */ = {isa = PBXBuildFile; fileRef = 046C1F252B6009EE00EABE8B /* DODebugLogView.m */; };
		046C1F312B616C9000EABE8B /* DOModalBackAction.m in Sources */ = {isa = PBXBuildFile; fileRef = 046C1F302B616C9000EABE8B /* DOModalBackAction.m */; };
		048E43E62B59DBD100A41C34 /* DOLyricsLogItemView.m in Sources */ = {isa = PBXBuildFile; fileRef = 048E43E52B59DBD100A41C34 /* DOLyricsLogItemView.m */; };
		8C3245582AD5E24F001EC3CA /* GlobalAppearance.m in Sources */ = {isa = PBXBuildFile; fileRef = 8C3245572AD5E24F001EC3CA /* GlobalAppearance.m */; };
		8C71981A2ABF0E82003C6658 /* AppDelegate.m in Sources */ = {isa = PBXBuildFile; fileRef = 8C7198192ABF0E82003C6658 /* AppDelegate.m */; };
		8C71981D2ABF0E82003C6658 /* SceneDelegate.m in Sources */ = {isa = PBXBuildFile; fileRef = 8C71981C2ABF0E82003C6658 /* SceneDelegate.m */; };
		8C7198252ABF0E84003C6658 /* Assets.xcassets in Resources */ = {isa = PBXBuildFile; fileRef = 8C7198242ABF0E84003C6658 /* Assets.xcassets */; };
		8C7198282ABF0E84003C6658 /* LaunchScreen.storyboard in Resources */ = {isa = PBXBuildFile; fileRef = 8C7198262ABF0E84003C6658 /* LaunchScreen.storyboard */; };
		8C71982B2ABF0E84003C6658 /* main.m in Sources */ = {isa = PBXBuildFile; fileRef = 8C71982A2ABF0E84003C6658 /* main.m */; };
		8C9E46292ACA1CC700B5456A /* UIImage+Blur.m in Sources */ = {isa = PBXBuildFile; fileRef = 8C9E46282ACA1CC700B5456A /* UIImage+Blur.m */; };
/* End PBXBuildFile section */

/* Begin PBXFileReference section */
		040683132B618BEE00049503 /* DOUIManager.h */ = {isa = PBXFileReference; lastKnownFileType = sourcecode.c.h; path = DOUIManager.h; sourceTree = "<group>"; };
		040683142B618BEE00049503 /* DOUIManager.m */ = {isa = PBXFileReference; lastKnownFileType = sourcecode.c.objc; path = DOUIManager.m; sourceTree = "<group>"; };
		040A86742B597C1400778869 /* UIKit.framework */ = {isa = PBXFileReference; lastKnownFileType = wrapper.framework; name = UIKit.framework; path = System/Library/Frameworks/UIKit.framework; sourceTree = SDKROOT; };
		040A86762B597CBB00778869 /* AddressBook.framework */ = {isa = PBXFileReference; lastKnownFileType = wrapper.framework; name = AddressBook.framework; path = System/Library/Frameworks/AddressBook.framework; sourceTree = SDKROOT; };
		040A86792B59925C00778869 /* DOLoadingIndicator.h */ = {isa = PBXFileReference; lastKnownFileType = sourcecode.c.h; path = DOLoadingIndicator.h; sourceTree = "<group>"; };
		040A867A2B59925C00778869 /* DOLoadingIndicator.m */ = {isa = PBXFileReference; lastKnownFileType = sourcecode.c.objc; path = DOLoadingIndicator.m; sourceTree = "<group>"; };
		040A867C2B59C3A300778869 /* DOProgressiveBlurView.h */ = {isa = PBXFileReference; lastKnownFileType = sourcecode.c.h; path = DOProgressiveBlurView.h; sourceTree = "<group>"; };
		040A867D2B59C3A300778869 /* DOProgressiveBlurView.m */ = {isa = PBXFileReference; lastKnownFileType = sourcecode.c.objc; path = DOProgressiveBlurView.m; sourceTree = "<group>"; };
		040A867F2B59CC6100778869 /* DODoubleHelixIndicator.h */ = {isa = PBXFileReference; lastKnownFileType = sourcecode.c.h; path = DODoubleHelixIndicator.h; sourceTree = "<group>"; };
		040A86802B59CC6100778869 /* DODoubleHelixIndicator.m */ = {isa = PBXFileReference; lastKnownFileType = sourcecode.c.objc; path = DODoubleHelixIndicator.m; sourceTree = "<group>"; };
		042479562B642BAE0082581B /* DOHeaderCell.h */ = {isa = PBXFileReference; lastKnownFileType = sourcecode.c.h; path = DOHeaderCell.h; sourceTree = "<group>"; };
		042479572B642BAE0082581B /* DOHeaderCell.m */ = {isa = PBXFileReference; lastKnownFileType = sourcecode.c.objc; path = DOHeaderCell.m; sourceTree = "<group>"; };
		042479592B6431D90082581B /* DOButtonCell.h */ = {isa = PBXFileReference; lastKnownFileType = sourcecode.c.h; path = DOButtonCell.h; sourceTree = "<group>"; };
		0424795A2B6431D90082581B /* DOButtonCell.m */ = {isa = PBXFileReference; lastKnownFileType = sourcecode.c.objc; path = DOButtonCell.m; sourceTree = "<group>"; };
		0424795C2B643F6D0082581B /* Credits.plist */ = {isa = PBXFileReference; fileEncoding = 4; lastKnownFileType = text.plist.xml; path = Credits.plist; sourceTree = "<group>"; };
		0424795E2B6444D80082581B /* DOPSListController.h */ = {isa = PBXFileReference; lastKnownFileType = sourcecode.c.h; path = DOPSListController.h; sourceTree = "<group>"; };
		0424795F2B6444D80082581B /* DOPSListController.m */ = {isa = PBXFileReference; lastKnownFileType = sourcecode.c.objc; path = DOPSListController.m; sourceTree = "<group>"; };
		042479622B644CEB0082581B /* DOCreditsCell.h */ = {isa = PBXFileReference; lastKnownFileType = sourcecode.c.h; path = DOCreditsCell.h; sourceTree = "<group>"; };
		042479632B644CEB0082581B /* DOCreditsCell.m */ = {isa = PBXFileReference; lastKnownFileType = sourcecode.c.objc; path = DOCreditsCell.m; sourceTree = "<group>"; };
		04419F852B46CA8000B1A686 /* DOHeaderView.m */ = {isa = PBXFileReference; lastKnownFileType = sourcecode.c.objc; path = DOHeaderView.m; sourceTree = "<group>"; };
		04419F872B46CA8900B1A686 /* DOHeaderView.h */ = {isa = PBXFileReference; lastKnownFileType = sourcecode.c.h; path = DOHeaderView.h; sourceTree = "<group>"; };
		04419F8F2B46DC3300B1A686 /* DONavigationController.h */ = {isa = PBXFileReference; lastKnownFileType = sourcecode.c.h; path = DONavigationController.h; sourceTree = "<group>"; };
		04419F902B46DC3300B1A686 /* DONavigationController.m */ = {isa = PBXFileReference; lastKnownFileType = sourcecode.c.objc; path = DONavigationController.m; sourceTree = "<group>"; };
		04419F922B46E9D800B1A686 /* DOActionMenuView.h */ = {isa = PBXFileReference; lastKnownFileType = sourcecode.c.h; path = DOActionMenuView.h; sourceTree = "<group>"; };
		04419F932B46E9D800B1A686 /* DOActionMenuView.m */ = {isa = PBXFileReference; lastKnownFileType = sourcecode.c.objc; path = DOActionMenuView.m; sourceTree = "<group>"; };
		04419F952B4B518C00B1A686 /* DOActionMenuButton.h */ = {isa = PBXFileReference; lastKnownFileType = sourcecode.c.h; path = DOActionMenuButton.h; sourceTree = "<group>"; };
		04419F962B4B518C00B1A686 /* DOActionMenuButton.m */ = {isa = PBXFileReference; lastKnownFileType = sourcecode.c.objc; path = DOActionMenuButton.m; sourceTree = "<group>"; };
		04419F982B4B704C00B1A686 /* DOMainViewController.h */ = {isa = PBXFileReference; lastKnownFileType = sourcecode.c.h; path = DOMainViewController.h; sourceTree = "<group>"; };
		04419F992B4B704C00B1A686 /* DOMainViewController.m */ = {isa = PBXFileReference; lastKnownFileType = sourcecode.c.objc; path = DOMainViewController.m; sourceTree = "<group>"; };
		04419F9C2B4B73C100B1A686 /* DOModalTransitionPush.h */ = {isa = PBXFileReference; lastKnownFileType = sourcecode.c.h; path = DOModalTransitionPush.h; sourceTree = "<group>"; };
		04419F9D2B4B73C100B1A686 /* DOModalTransitionPush.m */ = {isa = PBXFileReference; lastKnownFileType = sourcecode.c.objc; path = DOModalTransitionPush.m; sourceTree = "<group>"; };
		04419FA12B4B7B3500B1A686 /* DOModalTransitionPop.h */ = {isa = PBXFileReference; lastKnownFileType = sourcecode.c.h; path = DOModalTransitionPop.h; sourceTree = "<group>"; };
		04419FA22B4B7B3600B1A686 /* DOModalTransitionPop.m */ = {isa = PBXFileReference; lastKnownFileType = sourcecode.c.objc; path = DOModalTransitionPop.m; sourceTree = "<group>"; };
		04419FA92B4B80A500B1A686 /* DOCreditsViewController.h */ = {isa = PBXFileReference; lastKnownFileType = sourcecode.c.h; path = DOCreditsViewController.h; sourceTree = "<group>"; };
		04419FAA2B4B80A500B1A686 /* DOCreditsViewController.m */ = {isa = PBXFileReference; lastKnownFileType = sourcecode.c.objc; path = DOCreditsViewController.m; sourceTree = "<group>"; };
		04419FB42B4B892200B1A686 /* DOSettingsController.h */ = {isa = PBXFileReference; lastKnownFileType = sourcecode.c.h; path = DOSettingsController.h; sourceTree = "<group>"; };
		04419FB52B4B892200B1A686 /* DOSettingsController.m */ = {isa = PBXFileReference; lastKnownFileType = sourcecode.c.objc; path = DOSettingsController.m; sourceTree = "<group>"; };
		044EF0D52B5203270081F37B /* Settings.plist */ = {isa = PBXFileReference; fileEncoding = 4; lastKnownFileType = text.plist.xml; path = Settings.plist; sourceTree = "<group>"; };
		044EF0D72B52076A0081F37B /* Preferences.framework */ = {isa = PBXFileReference; lastKnownFileType = wrapper.framework; name = Preferences.framework; path = Frameworks/Preferences.framework; sourceTree = "<group>"; };
		044EF0DC2B5207F50081F37B /* DOActionMenuDelegate.h */ = {isa = PBXFileReference; lastKnownFileType = sourcecode.c.h; path = DOActionMenuDelegate.h; sourceTree = "<group>"; };
		044EF0DE2B5214040081F37B /* DOLyricsLogView.h */ = {isa = PBXFileReference; lastKnownFileType = sourcecode.c.h; path = DOLyricsLogView.h; sourceTree = "<group>"; };
		044EF0DF2B5214040081F37B /* DOLyricsLogView.m */ = {isa = PBXFileReference; lastKnownFileType = sourcecode.c.objc; path = DOLyricsLogView.m; sourceTree = "<group>"; };
		044EF0E22B5214810081F37B /* DOLogViewProtocol.h */ = {isa = PBXFileReference; lastKnownFileType = sourcecode.c.h; path = DOLogViewProtocol.h; sourceTree = "<group>"; };
		044EF0E32B52181A0081F37B /* DOJailbreakButton.h */ = {isa = PBXFileReference; lastKnownFileType = sourcecode.c.h; path = DOJailbreakButton.h; sourceTree = "<group>"; };
		044EF0E42B52181A0081F37B /* DOJailbreakButton.m */ = {isa = PBXFileReference; lastKnownFileType = sourcecode.c.objc; path = DOJailbreakButton.m; sourceTree = "<group>"; };
		046C1F242B6009EE00EABE8B /* DODebugLogView.h */ = {isa = PBXFileReference; lastKnownFileType = sourcecode.c.h; path = DODebugLogView.h; sourceTree = "<group>"; };
		046C1F252B6009EE00EABE8B /* DODebugLogView.m */ = {isa = PBXFileReference; lastKnownFileType = sourcecode.c.objc; path = DODebugLogView.m; sourceTree = "<group>"; };
		046C1F272B6166F900EABE8B /* libFLEX.dylib */ = {isa = PBXFileReference; lastKnownFileType = "compiled.mach-o.dylib"; name = libFLEX.dylib; path = ../../../../Downloads/libFLEX.dylib; sourceTree = "<group>"; };
		046C1F2B2B61674C00EABE8B /* FLEX.dylib */ = {isa = PBXFileReference; lastKnownFileType = "compiled.mach-o.dylib"; name = FLEX.dylib; path = ../../../../Desktop/FLEX.dylib; sourceTree = "<group>"; };
		046C1F2F2B616C9000EABE8B /* DOModalBackAction.h */ = {isa = PBXFileReference; lastKnownFileType = sourcecode.c.h; path = DOModalBackAction.h; sourceTree = "<group>"; };
		046C1F302B616C9000EABE8B /* DOModalBackAction.m */ = {isa = PBXFileReference; lastKnownFileType = sourcecode.c.objc; path = DOModalBackAction.m; sourceTree = "<group>"; };
		048E43E42B59DBD100A41C34 /* DOLyricsLogItemView.h */ = {isa = PBXFileReference; lastKnownFileType = sourcecode.c.h; path = DOLyricsLogItemView.h; sourceTree = "<group>"; };
		048E43E52B59DBD100A41C34 /* DOLyricsLogItemView.m */ = {isa = PBXFileReference; lastKnownFileType = sourcecode.c.objc; path = DOLyricsLogItemView.m; sourceTree = "<group>"; };
		8C3245562AD5E24F001EC3CA /* GlobalAppearance.h */ = {isa = PBXFileReference; lastKnownFileType = sourcecode.c.h; path = GlobalAppearance.h; sourceTree = "<group>"; };
		8C3245572AD5E24F001EC3CA /* GlobalAppearance.m */ = {isa = PBXFileReference; lastKnownFileType = sourcecode.c.objc; path = GlobalAppearance.m; sourceTree = "<group>"; };
		8C7198152ABF0E82003C6658 /* Dopamine.app */ = {isa = PBXFileReference; explicitFileType = wrapper.application; includeInIndex = 0; path = Dopamine.app; sourceTree = BUILT_PRODUCTS_DIR; };
		8C7198182ABF0E82003C6658 /* AppDelegate.h */ = {isa = PBXFileReference; lastKnownFileType = sourcecode.c.h; path = AppDelegate.h; sourceTree = "<group>"; };
		8C7198192ABF0E82003C6658 /* AppDelegate.m */ = {isa = PBXFileReference; lastKnownFileType = sourcecode.c.objc; path = AppDelegate.m; sourceTree = "<group>"; };
		8C71981B2ABF0E82003C6658 /* SceneDelegate.h */ = {isa = PBXFileReference; lastKnownFileType = sourcecode.c.h; path = SceneDelegate.h; sourceTree = "<group>"; };
		8C71981C2ABF0E82003C6658 /* SceneDelegate.m */ = {isa = PBXFileReference; lastKnownFileType = sourcecode.c.objc; path = SceneDelegate.m; sourceTree = "<group>"; };
		8C7198242ABF0E84003C6658 /* Assets.xcassets */ = {isa = PBXFileReference; lastKnownFileType = folder.assetcatalog; path = Assets.xcassets; sourceTree = "<group>"; };
		8C7198272ABF0E84003C6658 /* Base */ = {isa = PBXFileReference; lastKnownFileType = file.storyboard; name = Base; path = Base.lproj/LaunchScreen.storyboard; sourceTree = "<group>"; };
		8C7198292ABF0E84003C6658 /* Info.plist */ = {isa = PBXFileReference; lastKnownFileType = text.plist.xml; path = Info.plist; sourceTree = "<group>"; };
		8C71982A2ABF0E84003C6658 /* main.m */ = {isa = PBXFileReference; lastKnownFileType = sourcecode.c.objc; path = main.m; sourceTree = "<group>"; };
		8C9E46272ACA1C8D00B5456A /* UIImage+Blur.h */ = {isa = PBXFileReference; lastKnownFileType = sourcecode.c.h; path = "UIImage+Blur.h"; sourceTree = "<group>"; };
		8C9E46282ACA1CC700B5456A /* UIImage+Blur.m */ = {isa = PBXFileReference; lastKnownFileType = sourcecode.c.objc; path = "UIImage+Blur.m"; sourceTree = "<group>"; };
/* End PBXFileReference section */

/* Begin PBXFrameworksBuildPhase section */
		8C7198122ABF0E82003C6658 /* Frameworks */ = {
			isa = PBXFrameworksBuildPhase;
			buildActionMask = 2147483647;
			files = (
				044EF0D82B52076A0081F37B /* Preferences.framework in Frameworks */,
			);
			runOnlyForDeploymentPostprocessing = 0;
		};
/* End PBXFrameworksBuildPhase section */

/* Begin PBXGroup section */
		040A86782B59859F00778869 /* Indicator */ = {
			isa = PBXGroup;
			children = (
				040A86792B59925C00778869 /* DOLoadingIndicator.h */,
				040A867A2B59925C00778869 /* DOLoadingIndicator.m */,
				040A867F2B59CC6100778869 /* DODoubleHelixIndicator.h */,
				040A86802B59CC6100778869 /* DODoubleHelixIndicator.m */,
			);
			path = Indicator;
			sourceTree = "<group>";
		};
		042479552B642B990082581B /* Specifiers */ = {
			isa = PBXGroup;
			children = (
				042479562B642BAE0082581B /* DOHeaderCell.h */,
				042479572B642BAE0082581B /* DOHeaderCell.m */,
				042479592B6431D90082581B /* DOButtonCell.h */,
				0424795A2B6431D90082581B /* DOButtonCell.m */,
				042479622B644CEB0082581B /* DOCreditsCell.h */,
				042479632B644CEB0082581B /* DOCreditsCell.m */,
			);
			path = Specifiers;
			sourceTree = "<group>";
		};
		04419F9B2B4B73A700B1A686 /* Transition */ = {
			isa = PBXGroup;
			children = (
				04419FA12B4B7B3500B1A686 /* DOModalTransitionPop.h */,
				04419F9C2B4B73C100B1A686 /* DOModalTransitionPush.h */,
				04419FA22B4B7B3600B1A686 /* DOModalTransitionPop.m */,
				04419F9D2B4B73C100B1A686 /* DOModalTransitionPush.m */,
				046C1F2F2B616C9000EABE8B /* DOModalBackAction.h */,
				046C1F302B616C9000EABE8B /* DOModalBackAction.m */,
			);
			path = Transition;
			sourceTree = "<group>";
		};
		04419FA42B4B7D6A00B1A686 /* ActionMenu */ = {
			isa = PBXGroup;
			children = (
				04419F922B46E9D800B1A686 /* DOActionMenuView.h */,
				04419F932B46E9D800B1A686 /* DOActionMenuView.m */,
				04419F952B4B518C00B1A686 /* DOActionMenuButton.h */,
				04419F962B4B518C00B1A686 /* DOActionMenuButton.m */,
				044EF0DC2B5207F50081F37B /* DOActionMenuDelegate.h */,
			);
			path = ActionMenu;
			sourceTree = "<group>";
		};
		04419FB72B4B89AA00B1A686 /* Frameworks */ = {
			isa = PBXGroup;
			children = (
				046C1F2B2B61674C00EABE8B /* FLEX.dylib */,
				046C1F272B6166F900EABE8B /* libFLEX.dylib */,
				040A86762B597CBB00778869 /* AddressBook.framework */,
				040A86742B597C1400778869 /* UIKit.framework */,
				044EF0D72B52076A0081F37B /* Preferences.framework */,
			);
			name = Frameworks;
			sourceTree = "<group>";
		};
		044EF0DB2B52078A0081F37B /* Settings */ = {
			isa = PBXGroup;
			children = (
				042479552B642B990082581B /* Specifiers */,
				04419FB42B4B892200B1A686 /* DOSettingsController.h */,
				04419FB52B4B892200B1A686 /* DOSettingsController.m */,
				04419FA92B4B80A500B1A686 /* DOCreditsViewController.h */,
				04419FAA2B4B80A500B1A686 /* DOCreditsViewController.m */,
				0424795C2B643F6D0082581B /* Credits.plist */,
				044EF0D52B5203270081F37B /* Settings.plist */,
				0424795E2B6444D80082581B /* DOPSListController.h */,
				0424795F2B6444D80082581B /* DOPSListController.m */,
			);
			path = Settings;
			sourceTree = "<group>";
		};
		044EF0DD2B5213B50081F37B /* Log */ = {
			isa = PBXGroup;
			children = (
				040A86782B59859F00778869 /* Indicator */,
				044EF0DE2B5214040081F37B /* DOLyricsLogView.h */,
				044EF0DF2B5214040081F37B /* DOLyricsLogView.m */,
				044EF0E22B5214810081F37B /* DOLogViewProtocol.h */,
				040A867C2B59C3A300778869 /* DOProgressiveBlurView.h */,
				040A867D2B59C3A300778869 /* DOProgressiveBlurView.m */,
				048E43E42B59DBD100A41C34 /* DOLyricsLogItemView.h */,
				048E43E52B59DBD100A41C34 /* DOLyricsLogItemView.m */,
				046C1F242B6009EE00EABE8B /* DODebugLogView.h */,
				046C1F252B6009EE00EABE8B /* DODebugLogView.m */,
			);
			path = Log;
			sourceTree = "<group>";
		};
		8C71980C2ABF0E82003C6658 = {
			isa = PBXGroup;
			children = (
				8C7198172ABF0E82003C6658 /* Dopamine */,
				8C7198162ABF0E82003C6658 /* Products */,
				04419FB72B4B89AA00B1A686 /* Frameworks */,
			);
			sourceTree = "<group>";
		};
		8C7198162ABF0E82003C6658 /* Products */ = {
			isa = PBXGroup;
			children = (
				8C7198152ABF0E82003C6658 /* Dopamine.app */,
			);
			name = Products;
			sourceTree = "<group>";
		};
		8C7198172ABF0E82003C6658 /* Dopamine */ = {
			isa = PBXGroup;
			children = (
				8C7198332ABF133D003C6658 /* App Delegates */,
				8C7198312ABF12F4003C6658 /* UI */,
				8C9E46262ACA1C5800B5456A /* Extensions */,
				8C7198322ABF130A003C6658 /* Exploits */,
				8C7198242ABF0E84003C6658 /* Assets.xcassets */,
				8C7198262ABF0E84003C6658 /* LaunchScreen.storyboard */,
				8C7198292ABF0E84003C6658 /* Info.plist */,
				8C71982A2ABF0E84003C6658 /* main.m */,
			);
			path = Dopamine;
			sourceTree = "<group>";
		};
		8C7198312ABF12F4003C6658 /* UI */ = {
			isa = PBXGroup;
			children = (
				044EF0DD2B5213B50081F37B /* Log */,
				044EF0DB2B52078A0081F37B /* Settings */,
				04419FA42B4B7D6A00B1A686 /* ActionMenu */,
				04419F9B2B4B73A700B1A686 /* Transition */,
				04419F872B46CA8900B1A686 /* DOHeaderView.h */,
				04419F852B46CA8000B1A686 /* DOHeaderView.m */,
				04419F8F2B46DC3300B1A686 /* DONavigationController.h */,
				04419F902B46DC3300B1A686 /* DONavigationController.m */,
				04419F982B4B704C00B1A686 /* DOMainViewController.h */,
				04419F992B4B704C00B1A686 /* DOMainViewController.m */,
				8C3245562AD5E24F001EC3CA /* GlobalAppearance.h */,
				8C3245572AD5E24F001EC3CA /* GlobalAppearance.m */,
				044EF0E32B52181A0081F37B /* DOJailbreakButton.h */,
				044EF0E42B52181A0081F37B /* DOJailbreakButton.m */,
				040683132B618BEE00049503 /* DOUIManager.h */,
				040683142B618BEE00049503 /* DOUIManager.m */,
			);
			path = UI;
			sourceTree = "<group>";
		};
		8C7198322ABF130A003C6658 /* Exploits */ = {
			isa = PBXGroup;
			children = (
			);
			path = Exploits;
			sourceTree = "<group>";
		};
		8C7198332ABF133D003C6658 /* App Delegates */ = {
			isa = PBXGroup;
			children = (
				8C7198182ABF0E82003C6658 /* AppDelegate.h */,
				8C7198192ABF0E82003C6658 /* AppDelegate.m */,
				8C71981B2ABF0E82003C6658 /* SceneDelegate.h */,
				8C71981C2ABF0E82003C6658 /* SceneDelegate.m */,
			);
			path = "App Delegates";
			sourceTree = "<group>";
		};
		8C9E46262ACA1C5800B5456A /* Extensions */ = {
			isa = PBXGroup;
			children = (
				8C9E46272ACA1C8D00B5456A /* UIImage+Blur.h */,
				8C9E46282ACA1CC700B5456A /* UIImage+Blur.m */,
			);
			path = Extensions;
			sourceTree = "<group>";
		};
/* End PBXGroup section */

/* Begin PBXNativeTarget section */
		8C7198142ABF0E82003C6658 /* Dopamine */ = {
			isa = PBXNativeTarget;
			buildConfigurationList = 8C71982E2ABF0E84003C6658 /* Build configuration list for PBXNativeTarget "Dopamine" */;
			buildPhases = (
				8C7198112ABF0E82003C6658 /* Sources */,
				8C7198122ABF0E82003C6658 /* Frameworks */,
				8C7198132ABF0E82003C6658 /* Resources */,
			);
			buildRules = (
			);
			dependencies = (
			);
			name = Dopamine;
			productName = Dopamine;
			productReference = 8C7198152ABF0E82003C6658 /* Dopamine.app */;
			productType = "com.apple.product-type.application";
		};
/* End PBXNativeTarget section */

/* Begin PBXProject section */
		8C71980D2ABF0E82003C6658 /* Project object */ = {
			isa = PBXProject;
			attributes = {
				BuildIndependentTargetsInParallel = 1;
				LastUpgradeCheck = 1500;
				TargetAttributes = {
					8C7198142ABF0E82003C6658 = {
						CreatedOnToolsVersion = 15.0;
					};
				};
			};
			buildConfigurationList = 8C7198102ABF0E82003C6658 /* Build configuration list for PBXProject "Dopamine" */;
			compatibilityVersion = "Xcode 14.0";
			developmentRegion = en;
			hasScannedForEncodings = 0;
			knownRegions = (
				en,
				Base,
			);
			mainGroup = 8C71980C2ABF0E82003C6658;
			productRefGroup = 8C7198162ABF0E82003C6658 /* Products */;
			projectDirPath = "";
			projectRoot = "";
			targets = (
				8C7198142ABF0E82003C6658 /* Dopamine */,
			);
		};
/* End PBXProject section */

/* Begin PBXResourcesBuildPhase section */
		8C7198132ABF0E82003C6658 /* Resources */ = {
			isa = PBXResourcesBuildPhase;
			buildActionMask = 2147483647;
			files = (
				8C7198282ABF0E84003C6658 /* LaunchScreen.storyboard in Resources */,
				0424795D2B643F6D0082581B /* Credits.plist in Resources */,
				8C7198252ABF0E84003C6658 /* Assets.xcassets in Resources */,
				044EF0D62B5203270081F37B /* Settings.plist in Resources */,
			);
			runOnlyForDeploymentPostprocessing = 0;
		};
/* End PBXResourcesBuildPhase section */

/* Begin PBXSourcesBuildPhase section */
		8C7198112ABF0E82003C6658 /* Sources */ = {
			isa = PBXSourcesBuildPhase;
			buildActionMask = 2147483647;
			files = (
				04419F972B4B518C00B1A686 /* DOActionMenuButton.m in Sources */,
				8C71981A2ABF0E82003C6658 /* AppDelegate.m in Sources */,
				044EF0E02B5214040081F37B /* DOLyricsLogView.m in Sources */,
				04419FAB2B4B80A500B1A686 /* DOCreditsViewController.m in Sources */,
				0424795B2B6431DA0082581B /* DOButtonCell.m in Sources */,
				04419F882B46CA8900B1A686 /* DOHeaderView.h in Sources */,
				046C1F312B616C9000EABE8B /* DOModalBackAction.m in Sources */,
				040A867B2B59925C00778869 /* DOLoadingIndicator.m in Sources */,
				8C9E46292ACA1CC700B5456A /* UIImage+Blur.m in Sources */,
				04419F912B46DC3300B1A686 /* DONavigationController.m in Sources */,
				04419F862B46CA8000B1A686 /* DOHeaderView.m in Sources */,
				042479582B642BAE0082581B /* DOHeaderCell.m in Sources */,
				8C71982B2ABF0E84003C6658 /* main.m in Sources */,
				048E43E62B59DBD100A41C34 /* DOLyricsLogItemView.m in Sources */,
				040683152B618BEE00049503 /* DOUIManager.m in Sources */,
				042479642B644CEB0082581B /* DOCreditsCell.m in Sources */,
				04419F9E2B4B73C100B1A686 /* DOModalTransitionPush.m in Sources */,
				046C1F262B6009EF00EABE8B /* DODebugLogView.m in Sources */,
				04419FB62B4B892200B1A686 /* DOSettingsController.m in Sources */,
				040A86812B59CC6100778869 /* DODoubleHelixIndicator.m in Sources */,
				8C3245582AD5E24F001EC3CA /* GlobalAppearance.m in Sources */,
				04419F942B46E9D800B1A686 /* DOActionMenuView.m in Sources */,
				044EF0E52B52181A0081F37B /* DOJailbreakButton.m in Sources */,
				042479602B6444D80082581B /* DOPSListController.m in Sources */,
				04419FA32B4B7B3600B1A686 /* DOModalTransitionPop.m in Sources */,
				040A867E2B59C3A300778869 /* DOProgressiveBlurView.m in Sources */,
				04419F9A2B4B704C00B1A686 /* DOMainViewController.m in Sources */,
				8C71981D2ABF0E82003C6658 /* SceneDelegate.m in Sources */,
			);
			runOnlyForDeploymentPostprocessing = 0;
		};
/* End PBXSourcesBuildPhase section */

/* Begin PBXVariantGroup section */
		8C7198262ABF0E84003C6658 /* LaunchScreen.storyboard */ = {
			isa = PBXVariantGroup;
			children = (
				8C7198272ABF0E84003C6658 /* Base */,
			);
			name = LaunchScreen.storyboard;
			sourceTree = "<group>";
		};
/* End PBXVariantGroup section */

/* Begin XCBuildConfiguration section */
		8C71982C2ABF0E84003C6658 /* Debug */ = {
			isa = XCBuildConfiguration;
			buildSettings = {
				ALWAYS_SEARCH_USER_PATHS = NO;
				ASSETCATALOG_COMPILER_GENERATE_SWIFT_ASSET_SYMBOL_EXTENSIONS = YES;
				CLANG_ANALYZER_NONNULL = YES;
				CLANG_ANALYZER_NUMBER_OBJECT_CONVERSION = YES_AGGRESSIVE;
				CLANG_CXX_LANGUAGE_STANDARD = "gnu++20";
				CLANG_ENABLE_MODULES = YES;
				CLANG_ENABLE_OBJC_ARC = YES;
				CLANG_ENABLE_OBJC_WEAK = YES;
				CLANG_WARN_BLOCK_CAPTURE_AUTORELEASING = YES;
				CLANG_WARN_BOOL_CONVERSION = YES;
				CLANG_WARN_COMMA = YES;
				CLANG_WARN_CONSTANT_CONVERSION = YES;
				CLANG_WARN_DEPRECATED_OBJC_IMPLEMENTATIONS = YES;
				CLANG_WARN_DIRECT_OBJC_ISA_USAGE = YES_ERROR;
				CLANG_WARN_DOCUMENTATION_COMMENTS = YES;
				CLANG_WARN_EMPTY_BODY = YES;
				CLANG_WARN_ENUM_CONVERSION = YES;
				CLANG_WARN_INFINITE_RECURSION = YES;
				CLANG_WARN_INT_CONVERSION = YES;
				CLANG_WARN_NON_LITERAL_NULL_CONVERSION = YES;
				CLANG_WARN_OBJC_IMPLICIT_RETAIN_SELF = YES;
				CLANG_WARN_OBJC_LITERAL_CONVERSION = YES;
				CLANG_WARN_OBJC_ROOT_CLASS = YES_ERROR;
				CLANG_WARN_QUOTED_INCLUDE_IN_FRAMEWORK_HEADER = YES;
				CLANG_WARN_RANGE_LOOP_ANALYSIS = YES;
				CLANG_WARN_STRICT_PROTOTYPES = YES;
				CLANG_WARN_SUSPICIOUS_MOVE = YES;
				CLANG_WARN_UNGUARDED_AVAILABILITY = YES_AGGRESSIVE;
				CLANG_WARN_UNREACHABLE_CODE = YES;
				CLANG_WARN__DUPLICATE_METHOD_MATCH = YES;
				COPY_PHASE_STRIP = NO;
				DEBUG_INFORMATION_FORMAT = dwarf;
				ENABLE_STRICT_OBJC_MSGSEND = YES;
				ENABLE_TESTABILITY = YES;
				ENABLE_USER_SCRIPT_SANDBOXING = YES;
				GCC_C_LANGUAGE_STANDARD = gnu17;
				GCC_DYNAMIC_NO_PIC = NO;
				GCC_NO_COMMON_BLOCKS = YES;
				GCC_OPTIMIZATION_LEVEL = 0;
				GCC_PREPROCESSOR_DEFINITIONS = (
					"DEBUG=1",
					"$(inherited)",
				);
				GCC_WARN_64_TO_32_BIT_CONVERSION = YES;
				GCC_WARN_ABOUT_RETURN_TYPE = YES_ERROR;
				GCC_WARN_UNDECLARED_SELECTOR = YES;
				GCC_WARN_UNINITIALIZED_AUTOS = YES_AGGRESSIVE;
				GCC_WARN_UNUSED_FUNCTION = YES;
				GCC_WARN_UNUSED_VARIABLE = YES;
				IPHONEOS_DEPLOYMENT_TARGET = 15.0;
				LOCALIZATION_PREFERS_STRING_CATALOGS = YES;
				MTL_ENABLE_DEBUG_INFO = INCLUDE_SOURCE;
				MTL_FAST_MATH = YES;
				ONLY_ACTIVE_ARCH = YES;
				SDKROOT = iphoneos;
			};
			name = Debug;
		};
		8C71982D2ABF0E84003C6658 /* Release */ = {
			isa = XCBuildConfiguration;
			buildSettings = {
				ALWAYS_SEARCH_USER_PATHS = NO;
				ASSETCATALOG_COMPILER_GENERATE_SWIFT_ASSET_SYMBOL_EXTENSIONS = YES;
				CLANG_ANALYZER_NONNULL = YES;
				CLANG_ANALYZER_NUMBER_OBJECT_CONVERSION = YES_AGGRESSIVE;
				CLANG_CXX_LANGUAGE_STANDARD = "gnu++20";
				CLANG_ENABLE_MODULES = YES;
				CLANG_ENABLE_OBJC_ARC = YES;
				CLANG_ENABLE_OBJC_WEAK = YES;
				CLANG_WARN_BLOCK_CAPTURE_AUTORELEASING = YES;
				CLANG_WARN_BOOL_CONVERSION = YES;
				CLANG_WARN_COMMA = YES;
				CLANG_WARN_CONSTANT_CONVERSION = YES;
				CLANG_WARN_DEPRECATED_OBJC_IMPLEMENTATIONS = YES;
				CLANG_WARN_DIRECT_OBJC_ISA_USAGE = YES_ERROR;
				CLANG_WARN_DOCUMENTATION_COMMENTS = YES;
				CLANG_WARN_EMPTY_BODY = YES;
				CLANG_WARN_ENUM_CONVERSION = YES;
				CLANG_WARN_INFINITE_RECURSION = YES;
				CLANG_WARN_INT_CONVERSION = YES;
				CLANG_WARN_NON_LITERAL_NULL_CONVERSION = YES;
				CLANG_WARN_OBJC_IMPLICIT_RETAIN_SELF = YES;
				CLANG_WARN_OBJC_LITERAL_CONVERSION = YES;
				CLANG_WARN_OBJC_ROOT_CLASS = YES_ERROR;
				CLANG_WARN_QUOTED_INCLUDE_IN_FRAMEWORK_HEADER = YES;
				CLANG_WARN_RANGE_LOOP_ANALYSIS = YES;
				CLANG_WARN_STRICT_PROTOTYPES = YES;
				CLANG_WARN_SUSPICIOUS_MOVE = YES;
				CLANG_WARN_UNGUARDED_AVAILABILITY = YES_AGGRESSIVE;
				CLANG_WARN_UNREACHABLE_CODE = YES;
				CLANG_WARN__DUPLICATE_METHOD_MATCH = YES;
				COPY_PHASE_STRIP = NO;
				DEBUG_INFORMATION_FORMAT = "dwarf-with-dsym";
				ENABLE_NS_ASSERTIONS = NO;
				ENABLE_STRICT_OBJC_MSGSEND = YES;
				ENABLE_USER_SCRIPT_SANDBOXING = YES;
				GCC_C_LANGUAGE_STANDARD = gnu17;
				GCC_NO_COMMON_BLOCKS = YES;
				GCC_WARN_64_TO_32_BIT_CONVERSION = YES;
				GCC_WARN_ABOUT_RETURN_TYPE = YES_ERROR;
				GCC_WARN_UNDECLARED_SELECTOR = YES;
				GCC_WARN_UNINITIALIZED_AUTOS = YES_AGGRESSIVE;
				GCC_WARN_UNUSED_FUNCTION = YES;
				GCC_WARN_UNUSED_VARIABLE = YES;
				IPHONEOS_DEPLOYMENT_TARGET = 15.0;
				LOCALIZATION_PREFERS_STRING_CATALOGS = YES;
				MTL_ENABLE_DEBUG_INFO = NO;
				MTL_FAST_MATH = YES;
				SDKROOT = iphoneos;
				VALIDATE_PRODUCT = YES;
			};
			name = Release;
		};
		8C71982F2ABF0E84003C6658 /* Debug */ = {
			isa = XCBuildConfiguration;
			buildSettings = {
				ARCHS = "$(ARCHS_STANDARD)";
				ASSETCATALOG_COMPILER_APPICON_NAME = AppIcon;
				ASSETCATALOG_COMPILER_GLOBAL_ACCENT_COLOR_NAME = AccentColor;
				CODE_SIGN_STYLE = Automatic;
				CURRENT_PROJECT_VERSION = 1;
				DEVELOPMENT_TEAM = 3Z56NQJ65R;
				FRAMEWORK_SEARCH_PATHS = (
					"$(inherited)",
					"$(PROJECT_DIR)/Dopamine",
					"$(PROJECT_DIR)/Frameworks",
				);
				GENERATE_INFOPLIST_FILE = YES;
				INFOPLIST_FILE = Dopamine/Info.plist;
				INFOPLIST_KEY_UIApplicationSupportsIndirectInputEvents = YES;
				INFOPLIST_KEY_UILaunchStoryboardName = LaunchScreen;
				INFOPLIST_KEY_UISupportedInterfaceOrientations_iPad = "UIInterfaceOrientationPortrait UIInterfaceOrientationPortraitUpsideDown UIInterfaceOrientationLandscapeLeft UIInterfaceOrientationLandscapeRight";
				INFOPLIST_KEY_UISupportedInterfaceOrientations_iPhone = "UIInterfaceOrientationPortrait UIInterfaceOrientationLandscapeLeft UIInterfaceOrientationLandscapeRight";
				IPHONEOS_DEPLOYMENT_TARGET = 15.0;
				LD_RUNPATH_SEARCH_PATHS = (
					"$(inherited)",
					"@executable_path/Frameworks",
				);
				MARKETING_VERSION = 1.0;
				OTHER_CFLAGS = "";
				OTHER_LDFLAGS = "";
				PRODUCT_BUNDLE_IDENTIFIER = com.opa334.Dopamine;
				PRODUCT_NAME = "$(TARGET_NAME)";
				SWIFT_EMIT_LOC_STRINGS = YES;
				TARGETED_DEVICE_FAMILY = "1,2";
			};
			name = Debug;
		};
		8C7198302ABF0E84003C6658 /* Release */ = {
			isa = XCBuildConfiguration;
			buildSettings = {
				ARCHS = "$(ARCHS_STANDARD)";
				ASSETCATALOG_COMPILER_APPICON_NAME = AppIcon;
				ASSETCATALOG_COMPILER_GLOBAL_ACCENT_COLOR_NAME = AccentColor;
				CODE_SIGN_STYLE = Automatic;
				CURRENT_PROJECT_VERSION = 1;
				DEVELOPMENT_TEAM = 3Z56NQJ65R;
				FRAMEWORK_SEARCH_PATHS = (
					"$(inherited)",
					"$(PROJECT_DIR)/Dopamine",
					"$(PROJECT_DIR)/Frameworks",
				);
				GENERATE_INFOPLIST_FILE = YES;
				INFOPLIST_FILE = Dopamine/Info.plist;
				INFOPLIST_KEY_UIApplicationSupportsIndirectInputEvents = YES;
				INFOPLIST_KEY_UILaunchStoryboardName = LaunchScreen;
				INFOPLIST_KEY_UISupportedInterfaceOrientations_iPad = "UIInterfaceOrientationPortrait UIInterfaceOrientationPortraitUpsideDown UIInterfaceOrientationLandscapeLeft UIInterfaceOrientationLandscapeRight";
				INFOPLIST_KEY_UISupportedInterfaceOrientations_iPhone = "UIInterfaceOrientationPortrait UIInterfaceOrientationLandscapeLeft UIInterfaceOrientationLandscapeRight";
				IPHONEOS_DEPLOYMENT_TARGET = 15.0;
				LD_RUNPATH_SEARCH_PATHS = (
					"$(inherited)",
					"@executable_path/Frameworks",
				);
				MARKETING_VERSION = 1.0;
				OTHER_CFLAGS = "";
				OTHER_LDFLAGS = "";
				PRODUCT_BUNDLE_IDENTIFIER = com.opa334.Dopamine;
				PRODUCT_NAME = "$(TARGET_NAME)";
				SWIFT_EMIT_LOC_STRINGS = YES;
				TARGETED_DEVICE_FAMILY = "1,2";
			};
			name = Release;
		};
/* End XCBuildConfiguration section */

/* Begin XCConfigurationList section */
		8C7198102ABF0E82003C6658 /* Build configuration list for PBXProject "Dopamine" */ = {
			isa = XCConfigurationList;
			buildConfigurations = (
				8C71982C2ABF0E84003C6658 /* Debug */,
				8C71982D2ABF0E84003C6658 /* Release */,
			);
			defaultConfigurationIsVisible = 0;
			defaultConfigurationName = Release;
		};
		8C71982E2ABF0E84003C6658 /* Build configuration list for PBXNativeTarget "Dopamine" */ = {
			isa = XCConfigurationList;
			buildConfigurations = (
				8C71982F2ABF0E84003C6658 /* Debug */,
				8C7198302ABF0E84003C6658 /* Release */,
			);
			defaultConfigurationIsVisible = 0;
			defaultConfigurationName = Release;
		};
/* End XCConfigurationList section */
	};
	rootObject = 8C71980D2ABF0E82003C6658 /* Project object */;
}
