{
  "object": {
    "pins": [
      {
        "package": "KernelPatchfinder",
        "repositoryURL": "https://github.com/opa334/KernelPatchfinder",
        "state": {
          "branch": "master",
          "revision": "ec5a11590b31a1fb47deb7a3a70bb24600568e25",
          "version": null
        }
      },
      {
        "package": "PatchfinderUtils",
        "repositoryURL": "https://github.com/pinauten/PatchfinderUtils",
        "state": {
          "branch": "master",
          "revision": "68f6e7f430d94bc01315b0f1e753e3764b9cc31d",
          "version": null
        }
      },
      {
        "package": "SwiftfulLoadingIndicators",
        "repositoryURL": "https://github.com/SwiftfulThinking/SwiftfulLoadingIndicators",
        "state": {
          "branch": null,
          "revision": "85858c0246dcd781228301f9928519f75ce89758",
          "version": "0.0.4"
        }
      },
      {
        "package": "SwiftMachO",
        "repositoryURL": "https://github.com/pinauten/SwiftMachO",
        "state": {
          "branch": "master",
          "revision": "7bcffb07259191f7103ded3d29c77f05b7fed396",
          "version": null
        }
      },
      {
        "package": "SwiftUtils",
        "repositoryURL": "https://github.com/pinauten/SwiftUtils",
        "state": {
          "branch": "master",
          "revision": "1d37faabb4c58b3152394c9b6e1c1a68507646b9",
          "version": null
        }
      },
      {
        "package": "zstd",
        "repositoryURL": "https://github.com/facebook/zstd.git",
        "state": {
          "branch": "dev",
          "revision": "e256e4327459b77b14b300a7bc72b5a931cd1e56",
          "version": null
        }
      }
    ]
  },
  "version": 1
}
